// !$*UTF8*$!
{
	archiveVersion = 1;
	classes = {
	};
	objectVersion = 50;
	objects = {

/* Begin PBXBuildFile section */
		A24AFCCB2238A25F009FF948 /* AppDelegate.swift in Sources */ = {isa = PBXBuildFile; fileRef = A24AFCCA2238A25F009FF948 /* AppDelegate.swift */; };
		A24AFCCD2238A25F009FF948 /* ViewController.swift in Sources */ = {isa = PBXBuildFile; fileRef = A24AFCCC2238A25F009FF948 /* ViewController.swift */; };
		A24AFCD02238A25F009FF948 /* Main.storyboard in Resources */ = {isa = PBXBuildFile; fileRef = A24AFCCE2238A25F009FF948 /* Main.storyboard */; };
		A24AFCD22238A261009FF948 /* Assets.xcassets in Resources */ = {isa = PBXBuildFile; fileRef = A24AFCD12238A261009FF948 /* Assets.xcassets */; };
		A24AFCD52238A261009FF948 /* LaunchScreen.storyboard in Resources */ = {isa = PBXBuildFile; fileRef = A24AFCD32238A261009FF948 /* LaunchScreen.storyboard */; };
		A24AFCE02238A261009FF948 /* SwiftyWordsTests.swift in Sources */ = {isa = PBXBuildFile; fileRef = A24AFCDF2238A261009FF948 /* SwiftyWordsTests.swift */; };
		A24AFCEB2238A261009FF948 /* SwiftyWordsUITests.swift in Sources */ = {isa = PBXBuildFile; fileRef = A24AFCEA2238A261009FF948 /* SwiftyWordsUITests.swift */; };
/* End PBXBuildFile section */

/* Begin PBXContainerItemProxy section */
		A24AFCDC2238A261009FF948 /* PBXContainerItemProxy */ = {
			isa = PBXContainerItemProxy;
			containerPortal = A24AFCBF2238A25F009FF948 /* Project object */;
			proxyType = 1;
			remoteGlobalIDString = A24AFCC62238A25F009FF948;
			remoteInfo = SwiftyWords;
		};
		A24AFCE72238A261009FF948 /* PBXContainerItemProxy */ = {
			isa = PBXContainerItemProxy;
			containerPortal = A24AFCBF2238A25F009FF948 /* Project object */;
			proxyType = 1;
			remoteGlobalIDString = A24AFCC62238A25F009FF948;
			remoteInfo = SwiftyWords;
		};
/* End PBXContainerItemProxy section */

/* Begin PBXFileReference section */
		A24AFCC72238A25F009FF948 /* SwiftyWords.app */ = {isa = PBXFileReference; explicitFileType = wrapper.application; includeInIndex = 0; path = SwiftyWords.app; sourceTree = BUILT_PRODUCTS_DIR; };
		A24AFCCA2238A25F009FF948 /* AppDelegate.swift */ = {isa = PBXFileReference; lastKnownFileType = sourcecode.swift; path = AppDelegate.swift; sourceTree = "<group>"; };
		A24AFCCC2238A25F009FF948 /* ViewController.swift */ = {isa = PBXFileReference; lastKnownFileType = sourcecode.swift; path = ViewController.swift; sourceTree = "<group>"; };
		A24AFCCF2238A25F009FF948 /* Base */ = {isa = PBXFileReference; lastKnownFileType = file.storyboard; name = Base; path = Base.lproj/Main.storyboard; sourceTree = "<group>"; };
		A24AFCD12238A261009FF948 /* Assets.xcassets */ = {isa = PBXFileReference; lastKnownFileType = folder.assetcatalog; path = Assets.xcassets; sourceTree = "<group>"; };
		A24AFCD42238A261009FF948 /* Base */ = {isa = PBXFileReference; lastKnownFileType = file.storyboard; name = Base; path = Base.lproj/LaunchScreen.storyboard; sourceTree = "<group>"; };
		A24AFCD62238A261009FF948 /* Info.plist */ = {isa = PBXFileReference; lastKnownFileType = text.plist.xml; path = Info.plist; sourceTree = "<group>"; };
		A24AFCDB2238A261009FF948 /* SwiftyWordsTests.xctest */ = {isa = PBXFileReference; explicitFileType = wrapper.cfbundle; includeInIndex = 0; path = SwiftyWordsTests.xctest; sourceTree = BUILT_PRODUCTS_DIR; };
		A24AFCDF2238A261009FF948 /* SwiftyWordsTests.swift */ = {isa = PBXFileReference; lastKnownFileType = sourcecode.swift; path = SwiftyWordsTests.swift; sourceTree = "<group>"; };
		A24AFCE12238A261009FF948 /* Info.plist */ = {isa = PBXFileReference; lastKnownFileType = text.plist.xml; path = Info.plist; sourceTree = "<group>"; };
		A24AFCE62238A261009FF948 /* SwiftyWordsUITests.xctest */ = {isa = PBXFileReference; explicitFileType = wrapper.cfbundle; includeInIndex = 0; path = SwiftyWordsUITests.xctest; sourceTree = BUILT_PRODUCTS_DIR; };
		A24AFCEA2238A261009FF948 /* SwiftyWordsUITests.swift */ = {isa = PBXFileReference; lastKnownFileType = sourcecode.swift; path = SwiftyWordsUITests.swift; sourceTree = "<group>"; };
		A24AFCEC2238A261009FF948 /* Info.plist */ = {isa = PBXFileReference; lastKnownFileType = text.plist.xml; path = Info.plist; sourceTree = "<group>"; };
/* End PBXFileReference section */

/* Begin PBXFrameworksBuildPhase section */
		A24AFCC42238A25F009FF948 /* Frameworks */ = {
			isa = PBXFrameworksBuildPhase;
			buildActionMask = 2147483647;
			files = (
			);
			runOnlyForDeploymentPostprocessing = 0;
		};
		A24AFCD82238A261009FF948 /* Frameworks */ = {
			isa = PBXFrameworksBuildPhase;
			buildActionMask = 2147483647;
			files = (
			);
			runOnlyForDeploymentPostprocessing = 0;
		};
		A24AFCE32238A261009FF948 /* Frameworks */ = {
			isa = PBXFrameworksBuildPhase;
			buildActionMask = 2147483647;
			files = (
			);
			runOnlyForDeploymentPostprocessing = 0;
		};
/* End PBXFrameworksBuildPhase section */

/* Begin PBXGroup section */
		A24AFCBE2238A25F009FF948 = {
			isa = PBXGroup;
			children = (
				A24AFCC92238A25F009FF948 /* SwiftyWords */,
				A24AFCDE2238A261009FF948 /* SwiftyWordsTests */,
				A24AFCE92238A261009FF948 /* SwiftyWordsUITests */,
				A24AFCC82238A25F009FF948 /* Products */,
			);
			sourceTree = "<group>";
		};
		A24AFCC82238A25F009FF948 /* Products */ = {
			isa = PBXGroup;
			children = (
				A24AFCC72238A25F009FF948 /* SwiftyWords.app */,
				A24AFCDB2238A261009FF948 /* SwiftyWordsTests.xctest */,
				A24AFCE62238A261009FF948 /* SwiftyWordsUITests.xctest */,
			);
			name = Products;
			sourceTree = "<group>";
		};
		A24AFCC92238A25F009FF948 /* SwiftyWords */ = {
			isa = PBXGroup;
			children = (
				A24AFCCA2238A25F009FF948 /* AppDelegate.swift */,
				A24AFCCC2238A25F009FF948 /* ViewController.swift */,
				A24AFCCE2238A25F009FF948 /* Main.storyboard */,
				A24AFCD12238A261009FF948 /* Assets.xcassets */,
				A24AFCD32238A261009FF948 /* LaunchScreen.storyboard */,
				A24AFCD62238A261009FF948 /* Info.plist */,
			);
			path = SwiftyWords;
			sourceTree = "<group>";
		};
		A24AFCDE2238A261009FF948 /* SwiftyWordsTests */ = {
			isa = PBXGroup;
			children = (
				A24AFCDF2238A261009FF948 /* SwiftyWordsTests.swift */,
				A24AFCE12238A261009FF948 /* Info.plist */,
			);
			path = SwiftyWordsTests;
			sourceTree = "<group>";
		};
		A24AFCE92238A261009FF948 /* SwiftyWordsUITests */ = {
			isa = PBXGroup;
			children = (
				A24AFCEA2238A261009FF948 /* SwiftyWordsUITests.swift */,
				A24AFCEC2238A261009FF948 /* Info.plist */,
			);
			path = SwiftyWordsUITests;
			sourceTree = "<group>";
		};
/* End PBXGroup section */

/* Begin PBXNativeTarget section */
		A24AFCC62238A25F009FF948 /* SwiftyWords */ = {
			isa = PBXNativeTarget;
			buildConfigurationList = A24AFCEF2238A261009FF948 /* Build configuration list for PBXNativeTarget "SwiftyWords" */;
			buildPhases = (
				A24AFCC32238A25F009FF948 /* Sources */,
				A24AFCC42238A25F009FF948 /* Frameworks */,
				A24AFCC52238A25F009FF948 /* Resources */,
			);
			buildRules = (
			);
			dependencies = (
			);
			name = SwiftyWords;
			productName = SwiftyWords;
			productReference = A24AFCC72238A25F009FF948 /* SwiftyWords.app */;
			productType = "com.apple.product-type.application";
		};
		A24AFCDA2238A261009FF948 /* SwiftyWordsTests */ = {
			isa = PBXNativeTarget;
			buildConfigurationList = A24AFCF22238A261009FF948 /* Build configuration list for PBXNativeTarget "SwiftyWordsTests" */;
			buildPhases = (
				A24AFCD72238A261009FF948 /* Sources */,
				A24AFCD82238A261009FF948 /* Frameworks */,
				A24AFCD92238A261009FF948 /* Resources */,
			);
			buildRules = (
			);
			dependencies = (
				A24AFCDD2238A261009FF948 /* PBXTargetDependency */,
			);
			name = SwiftyWordsTests;
			productName = SwiftyWordsTests;
			productReference = A24AFCDB2238A261009FF948 /* SwiftyWordsTests.xctest */;
			productType = "com.apple.product-type.bundle.unit-test";
		};
		A24AFCE52238A261009FF948 /* SwiftyWordsUITests */ = {
			isa = PBXNativeTarget;
			buildConfigurationList = A24AFCF52238A261009FF948 /* Build configuration list for PBXNativeTarget "SwiftyWordsUITests" */;
			buildPhases = (
				A24AFCE22238A261009FF948 /* Sources */,
				A24AFCE32238A261009FF948 /* Frameworks */,
				A24AFCE42238A261009FF948 /* Resources */,
			);
			buildRules = (
			);
			dependencies = (
				A24AFCE82238A261009FF948 /* PBXTargetDependency */,
			);
			name = SwiftyWordsUITests;
			productName = SwiftyWordsUITests;
			productReference = A24AFCE62238A261009FF948 /* SwiftyWordsUITests.xctest */;
			productType = "com.apple.product-type.bundle.ui-testing";
		};
/* End PBXNativeTarget section */

/* Begin PBXProject section */
		A24AFCBF2238A25F009FF948 /* Project object */ = {
			isa = PBXProject;
			attributes = {
				LastSwiftUpdateCheck = 1010;
				LastUpgradeCheck = 1010;
				ORGANIZATIONNAME = LK;
				TargetAttributes = {
					A24AFCC62238A25F009FF948 = {
						CreatedOnToolsVersion = 10.1;
					};
					A24AFCDA2238A261009FF948 = {
						CreatedOnToolsVersion = 10.1;
						TestTargetID = A24AFCC62238A25F009FF948;
					};
					A24AFCE52238A261009FF948 = {
						CreatedOnToolsVersion = 10.1;
						TestTargetID = A24AFCC62238A25F009FF948;
					};
				};
			};
			buildConfigurationList = A24AFCC22238A25F009FF948 /* Build configuration list for PBXProject "SwiftyWords" */;
			compatibilityVersion = "Xcode 9.3";
			developmentRegion = en;
			hasScannedForEncodings = 0;
			knownRegions = (
				en,
				Base,
			);
			mainGroup = A24AFCBE2238A25F009FF948;
			productRefGroup = A24AFCC82238A25F009FF948 /* Products */;
			projectDirPath = "";
			projectRoot = "";
			targets = (
				A24AFCC62238A25F009FF948 /* SwiftyWords */,
				A24AFCDA2238A261009FF948 /* SwiftyWordsTests */,
				A24AFCE52238A261009FF948 /* SwiftyWordsUITests */,
			);
		};
/* End PBXProject section */

/* Begin PBXResourcesBuildPhase section */
		A24AFCC52238A25F009FF948 /* Resources */ = {
			isa = PBXResourcesBuildPhase;
			buildActionMask = 2147483647;
			files = (
				A24AFCD52238A261009FF948 /* LaunchScreen.storyboard in Resources */,
				A24AFCD22238A261009FF948 /* Assets.xcassets in Resources */,
				A24AFCD02238A25F009FF948 /* Main.storyboard in Resources */,
			);
			runOnlyForDeploymentPostprocessing = 0;
		};
		A24AFCD92238A261009FF948 /* Resources */ = {
			isa = PBXResourcesBuildPhase;
			buildActionMask = 2147483647;
			files = (
			);
			runOnlyForDeploymentPostprocessing = 0;
		};
		A24AFCE42238A261009FF948 /* Resources */ = {
			isa = PBXResourcesBuildPhase;
			buildActionMask = 2147483647;
			files = (
			);
			runOnlyForDeploymentPostprocessing = 0;
		};
/* End PBXResourcesBuildPhase section */

/* Begin PBXSourcesBuildPhase section */
		A24AFCC32238A25F009FF948 /* Sources */ = {
			isa = PBXSourcesBuildPhase;
			buildActionMask = 2147483647;
			files = (
				A24AFCCD2238A25F009FF948 /* ViewController.swift in Sources */,
				A24AFCCB2238A25F009FF948 /* AppDelegate.swift in Sources */,
			);
			runOnlyForDeploymentPostprocessing = 0;
		};
		A24AFCD72238A261009FF948 /* Sources */ = {
			isa = PBXSourcesBuildPhase;
			buildActionMask = 2147483647;
			files = (
				A24AFCE02238A261009FF948 /* SwiftyWordsTests.swift in Sources */,
			);
			runOnlyForDeploymentPostprocessing = 0;
		};
		A24AFCE22238A261009FF948 /* Sources */ = {
			isa = PBXSourcesBuildPhase;
			buildActionMask = 2147483647;
			files = (
				A24AFCEB2238A261009FF948 /* SwiftyWordsUITests.swift in Sources */,
			);
			runOnlyForDeploymentPostprocessing = 0;
		};
/* End PBXSourcesBuildPhase section */

/* Begin PBXTargetDependency section */
		A24AFCDD2238A261009FF948 /* PBXTargetDependency */ = {
			isa = PBXTargetDependency;
			target = A24AFCC62238A25F009FF948 /* SwiftyWords */;
			targetProxy = A24AFCDC2238A261009FF948 /* PBXContainerItemProxy */;
		};
		A24AFCE82238A261009FF948 /* PBXTargetDependency */ = {
			isa = PBXTargetDependency;
			target = A24AFCC62238A25F009FF948 /* SwiftyWords */;
			targetProxy = A24AFCE72238A261009FF948 /* PBXContainerItemProxy */;
		};
/* End PBXTargetDependency section */

/* Begin PBXVariantGroup section */
		A24AFCCE2238A25F009FF948 /* Main.storyboard */ = {
			isa = PBXVariantGroup;
			children = (
				A24AFCCF2238A25F009FF948 /* Base */,
			);
			name = Main.storyboard;
			sourceTree = "<group>";
		};
		A24AFCD32238A261009FF948 /* LaunchScreen.storyboard */ = {
			isa = PBXVariantGroup;
			children = (
				A24AFCD42238A261009FF948 /* Base */,
			);
			name = LaunchScreen.storyboard;
			sourceTree = "<group>";
		};
/* End PBXVariantGroup section */

/* Begin XCBuildConfiguration section */
		A24AFCED2238A261009FF948 /* Debug */ = {
			isa = XCBuildConfiguration;
			buildSettings = {
				ALWAYS_SEARCH_USER_PATHS = NO;
				CLANG_ANALYZER_NONNULL = YES;
				CLANG_ANALYZER_NUMBER_OBJECT_CONVERSION = YES_AGGRESSIVE;
				CLANG_CXX_LANGUAGE_STANDARD = "gnu++14";
				CLANG_CXX_LIBRARY = "libc++";
				CLANG_ENABLE_MODULES = YES;
				CLANG_ENABLE_OBJC_ARC = YES;
				CLANG_ENABLE_OBJC_WEAK = YES;
				CLANG_WARN_BLOCK_CAPTURE_AUTORELEASING = YES;
				CLANG_WARN_BOOL_CONVERSION = YES;
				CLANG_WARN_COMMA = YES;
				CLANG_WARN_CONSTANT_CONVERSION = YES;
				CLANG_WARN_DEPRECATED_OBJC_IMPLEMENTATIONS = YES;
				CLANG_WARN_DIRECT_OBJC_ISA_USAGE = YES_ERROR;
				CLANG_WARN_DOCUMENTATION_COMMENTS = YES;
				CLANG_WARN_EMPTY_BODY = YES;
				CLANG_WARN_ENUM_CONVERSION = YES;
				CLANG_WARN_INFINITE_RECURSION = YES;
				CLANG_WARN_INT_CONVERSION = YES;
				CLANG_WARN_NON_LITERAL_NULL_CONVERSION = YES;
				CLANG_WARN_OBJC_IMPLICIT_RETAIN_SELF = YES;
				CLANG_WARN_OBJC_LITERAL_CONVERSION = YES;
				CLANG_WARN_OBJC_ROOT_CLASS = YES_ERROR;
				CLANG_WARN_RANGE_LOOP_ANALYSIS = YES;
				CLANG_WARN_STRICT_PROTOTYPES = YES;
				CLANG_WARN_SUSPICIOUS_MOVE = YES;
				CLANG_WARN_UNGUARDED_AVAILABILITY = YES_AGGRESSIVE;
				CLANG_WARN_UNREACHABLE_CODE = YES;
				CLANG_WARN__DUPLICATE_METHOD_MATCH = YES;
				CODE_SIGN_IDENTITY = "iPhone Developer";
				COPY_PHASE_STRIP = NO;
				DEBUG_INFORMATION_FORMAT = dwarf;
				ENABLE_STRICT_OBJC_MSGSEND = YES;
				ENABLE_TESTABILITY = YES;
				GCC_C_LANGUAGE_STANDARD = gnu11;
				GCC_DYNAMIC_NO_PIC = NO;
				GCC_NO_COMMON_BLOCKS = YES;
				GCC_OPTIMIZATION_LEVEL = 0;
				GCC_PREPROCESSOR_DEFINITIONS = (
					"DEBUG=1",
					"$(inherited)",
				);
				GCC_WARN_64_TO_32_BIT_CONVERSION = YES;
				GCC_WARN_ABOUT_RETURN_TYPE = YES_ERROR;
				GCC_WARN_UNDECLARED_SELECTOR = YES;
				GCC_WARN_UNINITIALIZED_AUTOS = YES_AGGRESSIVE;
				GCC_WARN_UNUSED_FUNCTION = YES;
				GCC_WARN_UNUSED_VARIABLE = YES;
				IPHONEOS_DEPLOYMENT_TARGET = 12.1;
				MTL_ENABLE_DEBUG_INFO = INCLUDE_SOURCE;
				MTL_FAST_MATH = YES;
				ONLY_ACTIVE_ARCH = YES;
				SDKROOT = iphoneos;
				SWIFT_ACTIVE_COMPILATION_CONDITIONS = DEBUG;
				SWIFT_OPTIMIZATION_LEVEL = "-Onone";
			};
			name = Debug;
		};
		A24AFCEE2238A261009FF948 /* Release */ = {
			isa = XCBuildConfiguration;
			buildSettings = {
				ALWAYS_SEARCH_USER_PATHS = NO;
				CLANG_ANALYZER_NONNULL = YES;
				CLANG_ANALYZER_NUMBER_OBJECT_CONVERSION = YES_AGGRESSIVE;
				CLANG_CXX_LANGUAGE_STANDARD = "gnu++14";
				CLANG_CXX_LIBRARY = "libc++";
				CLANG_ENABLE_MODULES = YES;
				CLANG_ENABLE_OBJC_ARC = YES;
				CLANG_ENABLE_OBJC_WEAK = YES;
				CLANG_WARN_BLOCK_CAPTURE_AUTORELEASING = YES;
				CLANG_WARN_BOOL_CONVERSION = YES;
				CLANG_WARN_COMMA = YES;
				CLANG_WARN_CONSTANT_CONVERSION = YES;
				CLANG_WARN_DEPRECATED_OBJC_IMPLEMENTATIONS = YES;
				CLANG_WARN_DIRECT_OBJC_ISA_USAGE = YES_ERROR;
				CLANG_WARN_DOCUMENTATION_COMMENTS = YES;
				CLANG_WARN_EMPTY_BODY = YES;
				CLANG_WARN_ENUM_CONVERSION = YES;
				CLANG_WARN_INFINITE_RECURSION = YES;
				CLANG_WARN_INT_CONVERSION = YES;
				CLANG_WARN_NON_LITERAL_NULL_CONVERSION = YES;
				CLANG_WARN_OBJC_IMPLICIT_RETAIN_SELF = YES;
				CLANG_WARN_OBJC_LITERAL_CONVERSION = YES;
				CLANG_WARN_OBJC_ROOT_CLASS = YES_ERROR;
				CLANG_WARN_RANGE_LOOP_ANALYSIS = YES;
				CLANG_WARN_STRICT_PROTOTYPES = YES;
				CLANG_WARN_SUSPICIOUS_MOVE = YES;
				CLANG_WARN_UNGUARDED_AVAILABILITY = YES_AGGRESSIVE;
				CLANG_WARN_UNREACHABLE_CODE = YES;
				CLANG_WARN__DUPLICATE_METHOD_MATCH = YES;
				CODE_SIGN_IDENTITY = "iPhone Developer";
				COPY_PHASE_STRIP = NO;
				DEBUG_INFORMATION_FORMAT = "dwarf-with-dsym";
				ENABLE_NS_ASSERTIONS = NO;
				ENABLE_STRICT_OBJC_MSGSEND = YES;
				GCC_C_LANGUAGE_STANDARD = gnu11;
				GCC_NO_COMMON_BLOCKS = YES;
				GCC_WARN_64_TO_32_BIT_CONVERSION = YES;
				GCC_WARN_ABOUT_RETURN_TYPE = YES_ERROR;
				GCC_WARN_UNDECLARED_SELECTOR = YES;
				GCC_WARN_UNINITIALIZED_AUTOS = YES_AGGRESSIVE;
				GCC_WARN_UNUSED_FUNCTION = YES;
				GCC_WARN_UNUSED_VARIABLE = YES;
				IPHONEOS_DEPLOYMENT_TARGET = 12.1;
				MTL_ENABLE_DEBUG_INFO = NO;
				MTL_FAST_MATH = YES;
				SDKROOT = iphoneos;
				SWIFT_COMPILATION_MODE = wholemodule;
				SWIFT_OPTIMIZATION_LEVEL = "-O";
				VALIDATE_PRODUCT = YES;
			};
			name = Release;
		};
		A24AFCF02238A261009FF948 /* Debug */ = {
			isa = XCBuildConfiguration;
			buildSettings = {
				ASSETCATALOG_COMPILER_APPICON_NAME = AppIcon;
				CODE_SIGN_STYLE = Automatic;
				INFOPLIST_FILE = SwiftyWords/Info.plist;
				LD_RUNPATH_SEARCH_PATHS = (
					"$(inherited)",
					"@executable_path/Frameworks",
				);
				PRODUCT_BUNDLE_IDENTIFIER = "-223LK.SwiftyWords";
				PRODUCT_NAME = "$(TARGET_NAME)";
				SWIFT_VERSION = 4.2;
				TARGETED_DEVICE_FAMILY = "1,2";
			};
			name = Debug;
		};
		A24AFCF12238A261009FF948 /* Release */ = {
			isa = XCBuildConfiguration;
			buildSettings = {
				ASSETCATALOG_COMPILER_APPICON_NAME = AppIcon;
				CODE_SIGN_STYLE = Automatic;
				INFOPLIST_FILE = SwiftyWords/Info.plist;
				LD_RUNPATH_SEARCH_PATHS = (
					"$(inherited)",
					"@executable_path/Frameworks",
				);
				PRODUCT_BUNDLE_IDENTIFIER = "-223LK.SwiftyWords";
				PRODUCT_NAME = "$(TARGET_NAME)";
				SWIFT_VERSION = 4.2;
				TARGETED_DEVICE_FAMILY = "1,2";
			};
			name = Release;
		};
		A24AFCF32238A261009FF948 /* Debug */ = {
			isa = XCBuildConfiguration;
			buildSettings = {
				ALWAYS_EMBED_SWIFT_STANDARD_LIBRARIES = YES;
				BUNDLE_LOADER = "$(TEST_HOST)";
				CODE_SIGN_STYLE = Automatic;
				INFOPLIST_FILE = SwiftyWordsTests/Info.plist;
				LD_RUNPATH_SEARCH_PATHS = (
					"$(inherited)",
					"@executable_path/Frameworks",
					"@loader_path/Frameworks",
				);
				PRODUCT_BUNDLE_IDENTIFIER = "-223LK.SwiftyWordsTests";
				PRODUCT_NAME = "$(TARGET_NAME)";
				SWIFT_VERSION = 4.2;
				TARGETED_DEVICE_FAMILY = "1,2";
				TEST_HOST = "$(BUILT_PRODUCTS_DIR)/SwiftyWords.app/SwiftyWords";
			};
			name = Debug;
		};
		A24AFCF42238A261009FF948 /* Release */ = {
			isa = XCBuildConfiguration;
			buildSettings = {
				ALWAYS_EMBED_SWIFT_STANDARD_LIBRARIES = YES;
				BUNDLE_LOADER = "$(TEST_HOST)";
				CODE_SIGN_STYLE = Automatic;
				INFOPLIST_FILE = SwiftyWordsTests/Info.plist;
				LD_RUNPATH_SEARCH_PATHS = (
					"$(inherited)",
					"@executable_path/Frameworks",
					"@loader_path/Frameworks",
				);
				PRODUCT_BUNDLE_IDENTIFIER = "-223LK.SwiftyWordsTests";
				PRODUCT_NAME = "$(TARGET_NAME)";
				SWIFT_VERSION = 4.2;
				TARGETED_DEVICE_FAMILY = "1,2";
				TEST_HOST = "$(BUILT_PRODUCTS_DIR)/SwiftyWords.app/SwiftyWords";
			};
			name = Release;
		};
		A24AFCF62238A261009FF948 /* Debug */ = {
			isa = XCBuildConfiguration;
			buildSettings = {
				ALWAYS_EMBED_SWIFT_STANDARD_LIBRARIES = YES;
				CODE_SIGN_STYLE = Automatic;
				INFOPLIST_FILE = SwiftyWordsUITests/Info.plist;
				LD_RUNPATH_SEARCH_PATHS = (
					"$(inherited)",
					"@executable_path/Frameworks",
					"@loader_path/Frameworks",
				);
				PRODUCT_BUNDLE_IDENTIFIER = "-223LK.SwiftyWordsUITests";
				PRODUCT_NAME = "$(TARGET_NAME)";
				SWIFT_VERSION = 4.2;
				TARGETED_DEVICE_FAMILY = "1,2";
				TEST_TARGET_NAME = SwiftyWords;
			};
			name = Debug;
		};
		A24AFCF72238A261009FF948 /* Release */ = {
			isa = XCBuildConfiguration;
			buildSettings = {
				ALWAYS_EMBED_SWIFT_STANDARD_LIBRARIES = YES;
				CODE_SIGN_STYLE = Automatic;
				INFOPLIST_FILE = SwiftyWordsUITests/Info.plist;
				LD_RUNPATH_SEARCH_PATHS = (
					"$(inherited)",
					"@executable_path/Frameworks",
					"@loader_path/Frameworks",
				);
				PRODUCT_BUNDLE_IDENTIFIER = "-223LK.SwiftyWordsUITests";
				PRODUCT_NAME = "$(TARGET_NAME)";
				SWIFT_VERSION = 4.2;
				TARGETED_DEVICE_FAMILY = "1,2";
				TEST_TARGET_NAME = SwiftyWords;
			};
			name = Release;
		};
/* End XCBuildConfiguration section */

/* Begin XCConfigurationList section */
		A24AFCC22238A25F009FF948 /* Build configuration list for PBXProject "SwiftyWords" */ = {
			isa = XCConfigurationList;
			buildConfigurations = (
				A24AFCED2238A261009FF948 /* Debug */,
				A24AFCEE2238A261009FF948 /* Release */,
			);
			defaultConfigurationIsVisible = 0;
			defaultConfigurationName = Release;
		};
		A24AFCEF2238A261009FF948 /* Build configuration list for PBXNativeTarget "SwiftyWords" */ = {
			isa = XCConfigurationList;
			buildConfigurations = (
				A24AFCF02238A261009FF948 /* Debug */,
				A24AFCF12238A261009FF948 /* Release */,
			);
			defaultConfigurationIsVisible = 0;
			defaultConfigurationName = Release;
		};
		A24AFCF22238A261009FF948 /* Build configuration list for PBXNativeTarget "SwiftyWordsTests" */ = {
			isa = XCConfigurationList;
			buildConfigurations = (
				A24AFCF32238A261009FF948 /* Debug */,
				A24AFCF42238A261009FF948 /* Release */,
			);
			defaultConfigurationIsVisible = 0;
			defaultConfigurationName = Release;
		};
		A24AFCF52238A261009FF948 /* Build configuration list for PBXNativeTarget "SwiftyWordsUITests" */ = {
			isa = XCConfigurationList;
			buildConfigurations = (
				A24AFCF62238A261009FF948 /* Debug */,
				A24AFCF72238A261009FF948 /* Release */,
			);
			defaultConfigurationIsVisible = 0;
			defaultConfigurationName = Release;
		};
/* End XCConfigurationList section */
	};
	rootObject = A24AFCBF2238A25F009FF948 /* Project object */;
}
