// !$*UTF8*$!
{
	archiveVersion = 1;
	classes = {
	};
	objectVersion = 50;
	objects = {

/* Begin PBXBuildFile section */
		A24AFD43223F40D3009FF948 /* AppDelegate.swift in Sources */ = {isa = PBXBuildFile; fileRef = A24AFD42223F40D3009FF948 /* AppDelegate.swift */; };
		A24AFD45223F40D3009FF948 /* ViewController.swift in Sources */ = {isa = PBXBuildFile; fileRef = A24AFD44223F40D3009FF948 /* ViewController.swift */; };
		A24AFD48223F40D3009FF948 /* Main.storyboard in Resources */ = {isa = PBXBuildFile; fileRef = A24AFD46223F40D3009FF948 /* Main.storyboard */; };
		A24AFD4A223F40D5009FF948 /* Assets.xcassets in Resources */ = {isa = PBXBuildFile; fileRef = A24AFD49223F40D5009FF948 /* Assets.xcassets */; };
		A24AFD4D223F40D5009FF948 /* LaunchScreen.storyboard in Resources */ = {isa = PBXBuildFile; fileRef = A24AFD4B223F40D5009FF948 /* LaunchScreen.storyboard */; };
		A24AFD58223F40D5009FF948 /* NamesToFacesDemoTests.swift in Sources */ = {isa = PBXBuildFile; fileRef = A24AFD57223F40D5009FF948 /* NamesToFacesDemoTests.swift */; };
		A24AFD63223F40D5009FF948 /* NamesToFacesDemoUITests.swift in Sources */ = {isa = PBXBuildFile; fileRef = A24AFD62223F40D5009FF948 /* NamesToFacesDemoUITests.swift */; };
/* End PBXBuildFile section */

/* Begin PBXContainerItemProxy section */
		A24AFD54223F40D5009FF948 /* PBXContainerItemProxy */ = {
			isa = PBXContainerItemProxy;
			containerPortal = A24AFD37223F40D3009FF948 /* Project object */;
			proxyType = 1;
			remoteGlobalIDString = A24AFD3E223F40D3009FF948;
			remoteInfo = NamesToFacesDemo;
		};
		A24AFD5F223F40D5009FF948 /* PBXContainerItemProxy */ = {
			isa = PBXContainerItemProxy;
			containerPortal = A24AFD37223F40D3009FF948 /* Project object */;
			proxyType = 1;
			remoteGlobalIDString = A24AFD3E223F40D3009FF948;
			remoteInfo = NamesToFacesDemo;
		};
/* End PBXContainerItemProxy section */

/* Begin PBXFileReference section */
		A24AFD3F223F40D3009FF948 /* NamesToFacesDemo.app */ = {isa = PBXFileReference; explicitFileType = wrapper.application; includeInIndex = 0; path = NamesToFacesDemo.app; sourceTree = BUILT_PRODUCTS_DIR; };
		A24AFD42223F40D3009FF948 /* AppDelegate.swift */ = {isa = PBXFileReference; lastKnownFileType = sourcecode.swift; path = AppDelegate.swift; sourceTree = "<group>"; };
		A24AFD44223F40D3009FF948 /* ViewController.swift */ = {isa = PBXFileReference; lastKnownFileType = sourcecode.swift; path = ViewController.swift; sourceTree = "<group>"; };
		A24AFD47223F40D3009FF948 /* Base */ = {isa = PBXFileReference; lastKnownFileType = file.storyboard; name = Base; path = Base.lproj/Main.storyboard; sourceTree = "<group>"; };
		A24AFD49223F40D5009FF948 /* Assets.xcassets */ = {isa = PBXFileReference; lastKnownFileType = folder.assetcatalog; path = Assets.xcassets; sourceTree = "<group>"; };
		A24AFD4C223F40D5009FF948 /* Base */ = {isa = PBXFileReference; lastKnownFileType = file.storyboard; name = Base; path = Base.lproj/LaunchScreen.storyboard; sourceTree = "<group>"; };
		A24AFD4E223F40D5009FF948 /* Info.plist */ = {isa = PBXFileReference; lastKnownFileType = text.plist.xml; path = Info.plist; sourceTree = "<group>"; };
		A24AFD53223F40D5009FF948 /* NamesToFacesDemoTests.xctest */ = {isa = PBXFileReference; explicitFileType = wrapper.cfbundle; includeInIndex = 0; path = NamesToFacesDemoTests.xctest; sourceTree = BUILT_PRODUCTS_DIR; };
		A24AFD57223F40D5009FF948 /* NamesToFacesDemoTests.swift */ = {isa = PBXFileReference; lastKnownFileType = sourcecode.swift; path = NamesToFacesDemoTests.swift; sourceTree = "<group>"; };
		A24AFD59223F40D5009FF948 /* Info.plist */ = {isa = PBXFileReference; lastKnownFileType = text.plist.xml; path = Info.plist; sourceTree = "<group>"; };
		A24AFD5E223F40D5009FF948 /* NamesToFacesDemoUITests.xctest */ = {isa = PBXFileReference; explicitFileType = wrapper.cfbundle; includeInIndex = 0; path = NamesToFacesDemoUITests.xctest; sourceTree = BUILT_PRODUCTS_DIR; };
		A24AFD62223F40D5009FF948 /* NamesToFacesDemoUITests.swift */ = {isa = PBXFileReference; lastKnownFileType = sourcecode.swift; path = NamesToFacesDemoUITests.swift; sourceTree = "<group>"; };
		A24AFD64223F40D5009FF948 /* Info.plist */ = {isa = PBXFileReference; lastKnownFileType = text.plist.xml; path = Info.plist; sourceTree = "<group>"; };
/* End PBXFileReference section */

/* Begin PBXFrameworksBuildPhase section */
		A24AFD3C223F40D3009FF948 /* Frameworks */ = {
			isa = PBXFrameworksBuildPhase;
			buildActionMask = 2147483647;
			files = (
			);
			runOnlyForDeploymentPostprocessing = 0;
		};
		A24AFD50223F40D5009FF948 /* Frameworks */ = {
			isa = PBXFrameworksBuildPhase;
			buildActionMask = 2147483647;
			files = (
			);
			runOnlyForDeploymentPostprocessing = 0;
		};
		A24AFD5B223F40D5009FF948 /* Frameworks */ = {
			isa = PBXFrameworksBuildPhase;
			buildActionMask = 2147483647;
			files = (
			);
			runOnlyForDeploymentPostprocessing = 0;
		};
/* End PBXFrameworksBuildPhase section */

/* Begin PBXGroup section */
		A24AFD36223F40D3009FF948 = {
			isa = PBXGroup;
			children = (
				A24AFD41223F40D3009FF948 /* NamesToFacesDemo */,
				A24AFD56223F40D5009FF948 /* NamesToFacesDemoTests */,
				A24AFD61223F40D5009FF948 /* NamesToFacesDemoUITests */,
				A24AFD40223F40D3009FF948 /* Products */,
			);
			sourceTree = "<group>";
		};
		A24AFD40223F40D3009FF948 /* Products */ = {
			isa = PBXGroup;
			children = (
				A24AFD3F223F40D3009FF948 /* NamesToFacesDemo.app */,
				A24AFD53223F40D5009FF948 /* NamesToFacesDemoTests.xctest */,
				A24AFD5E223F40D5009FF948 /* NamesToFacesDemoUITests.xctest */,
			);
			name = Products;
			sourceTree = "<group>";
		};
		A24AFD41223F40D3009FF948 /* NamesToFacesDemo */ = {
			isa = PBXGroup;
			children = (
				A24AFD42223F40D3009FF948 /* AppDelegate.swift */,
				A24AFD44223F40D3009FF948 /* ViewController.swift */,
				A24AFD46223F40D3009FF948 /* Main.storyboard */,
				A24AFD49223F40D5009FF948 /* Assets.xcassets */,
				A24AFD4B223F40D5009FF948 /* LaunchScreen.storyboard */,
				A24AFD4E223F40D5009FF948 /* Info.plist */,
			);
			path = NamesToFacesDemo;
			sourceTree = "<group>";
		};
		A24AFD56223F40D5009FF948 /* NamesToFacesDemoTests */ = {
			isa = PBXGroup;
			children = (
				A24AFD57223F40D5009FF948 /* NamesToFacesDemoTests.swift */,
				A24AFD59223F40D5009FF948 /* Info.plist */,
			);
			path = NamesToFacesDemoTests;
			sourceTree = "<group>";
		};
		A24AFD61223F40D5009FF948 /* NamesToFacesDemoUITests */ = {
			isa = PBXGroup;
			children = (
				A24AFD62223F40D5009FF948 /* NamesToFacesDemoUITests.swift */,
				A24AFD64223F40D5009FF948 /* Info.plist */,
			);
			path = NamesToFacesDemoUITests;
			sourceTree = "<group>";
		};
/* End PBXGroup section */

/* Begin PBXNativeTarget section */
		A24AFD3E223F40D3009FF948 /* NamesToFacesDemo */ = {
			isa = PBXNativeTarget;
			buildConfigurationList = A24AFD67223F40D5009FF948 /* Build configuration list for PBXNativeTarget "NamesToFacesDemo" */;
			buildPhases = (
				A24AFD3B223F40D3009FF948 /* Sources */,
				A24AFD3C223F40D3009FF948 /* Frameworks */,
				A24AFD3D223F40D3009FF948 /* Resources */,
			);
			buildRules = (
			);
			dependencies = (
			);
			name = NamesToFacesDemo;
			productName = NamesToFacesDemo;
			productReference = A24AFD3F223F40D3009FF948 /* NamesToFacesDemo.app */;
			productType = "com.apple.product-type.application";
		};
		A24AFD52223F40D5009FF948 /* NamesToFacesDemoTests */ = {
			isa = PBXNativeTarget;
			buildConfigurationList = A24AFD6A223F40D5009FF948 /* Build configuration list for PBXNativeTarget "NamesToFacesDemoTests" */;
			buildPhases = (
				A24AFD4F223F40D5009FF948 /* Sources */,
				A24AFD50223F40D5009FF948 /* Frameworks */,
				A24AFD51223F40D5009FF948 /* Resources */,
			);
			buildRules = (
			);
			dependencies = (
				A24AFD55223F40D5009FF948 /* PBXTargetDependency */,
			);
			name = NamesToFacesDemoTests;
			productName = NamesToFacesDemoTests;
			productReference = A24AFD53223F40D5009FF948 /* NamesToFacesDemoTests.xctest */;
			productType = "com.apple.product-type.bundle.unit-test";
		};
		A24AFD5D223F40D5009FF948 /* NamesToFacesDemoUITests */ = {
			isa = PBXNativeTarget;
			buildConfigurationList = A24AFD6D223F40D5009FF948 /* Build configuration list for PBXNativeTarget "NamesToFacesDemoUITests" */;
			buildPhases = (
				A24AFD5A223F40D5009FF948 /* Sources */,
				A24AFD5B223F40D5009FF948 /* Frameworks */,
				A24AFD5C223F40D5009FF948 /* Resources */,
			);
			buildRules = (
			);
			dependencies = (
				A24AFD60223F40D5009FF948 /* PBXTargetDependency */,
			);
			name = NamesToFacesDemoUITests;
			productName = NamesToFacesDemoUITests;
			productReference = A24AFD5E223F40D5009FF948 /* NamesToFacesDemoUITests.xctest */;
			productType = "com.apple.product-type.bundle.ui-testing";
		};
/* End PBXNativeTarget section */

/* Begin PBXProject section */
		A24AFD37223F40D3009FF948 /* Project object */ = {
			isa = PBXProject;
			attributes = {
				LastSwiftUpdateCheck = 1010;
				LastUpgradeCheck = 1010;
				ORGANIZATIONNAME = LK;
				TargetAttributes = {
					A24AFD3E223F40D3009FF948 = {
						CreatedOnToolsVersion = 10.1;
					};
					A24AFD52223F40D5009FF948 = {
						CreatedOnToolsVersion = 10.1;
						TestTargetID = A24AFD3E223F40D3009FF948;
					};
					A24AFD5D223F40D5009FF948 = {
						CreatedOnToolsVersion = 10.1;
						TestTargetID = A24AFD3E223F40D3009FF948;
					};
				};
			};
			buildConfigurationList = A24AFD3A223F40D3009FF948 /* Build configuration list for PBXProject "NamesToFacesDemo" */;
			compatibilityVersion = "Xcode 9.3";
			developmentRegion = en;
			hasScannedForEncodings = 0;
			knownRegions = (
				en,
				Base,
			);
			mainGroup = A24AFD36223F40D3009FF948;
			productRefGroup = A24AFD40223F40D3009FF948 /* Products */;
			projectDirPath = "";
			projectRoot = "";
			targets = (
				A24AFD3E223F40D3009FF948 /* NamesToFacesDemo */,
				A24AFD52223F40D5009FF948 /* NamesToFacesDemoTests */,
				A24AFD5D223F40D5009FF948 /* NamesToFacesDemoUITests */,
			);
		};
/* End PBXProject section */

/* Begin PBXResourcesBuildPhase section */
		A24AFD3D223F40D3009FF948 /* Resources */ = {
			isa = PBXResourcesBuildPhase;
			buildActionMask = 2147483647;
			files = (
				A24AFD4D223F40D5009FF948 /* LaunchScreen.storyboard in Resources */,
				A24AFD4A223F40D5009FF948 /* Assets.xcassets in Resources */,
				A24AFD48223F40D3009FF948 /* Main.storyboard in Resources */,
			);
			runOnlyForDeploymentPostprocessing = 0;
		};
		A24AFD51223F40D5009FF948 /* Resources */ = {
			isa = PBXResourcesBuildPhase;
			buildActionMask = 2147483647;
			files = (
			);
			runOnlyForDeploymentPostprocessing = 0;
		};
		A24AFD5C223F40D5009FF948 /* Resources */ = {
			isa = PBXResourcesBuildPhase;
			buildActionMask = 2147483647;
			files = (
			);
			runOnlyForDeploymentPostprocessing = 0;
		};
/* End PBXResourcesBuildPhase section */

/* Begin PBXSourcesBuildPhase section */
		A24AFD3B223F40D3009FF948 /* Sources */ = {
			isa = PBXSourcesBuildPhase;
			buildActionMask = 2147483647;
			files = (
				A24AFD45223F40D3009FF948 /* ViewController.swift in Sources */,
				A24AFD43223F40D3009FF948 /* AppDelegate.swift in Sources */,
			);
			runOnlyForDeploymentPostprocessing = 0;
		};
		A24AFD4F223F40D5009FF948 /* Sources */ = {
			isa = PBXSourcesBuildPhase;
			buildActionMask = 2147483647;
			files = (
				A24AFD58223F40D5009FF948 /* NamesToFacesDemoTests.swift in Sources */,
			);
			runOnlyForDeploymentPostprocessing = 0;
		};
		A24AFD5A223F40D5009FF948 /* Sources */ = {
			isa = PBXSourcesBuildPhase;
			buildActionMask = 2147483647;
			files = (
				A24AFD63223F40D5009FF948 /* NamesToFacesDemoUITests.swift in Sources */,
			);
			runOnlyForDeploymentPostprocessing = 0;
		};
/* End PBXSourcesBuildPhase section */

/* Begin PBXTargetDependency section */
		A24AFD55223F40D5009FF948 /* PBXTargetDependency */ = {
			isa = PBXTargetDependency;
			target = A24AFD3E223F40D3009FF948 /* NamesToFacesDemo */;
			targetProxy = A24AFD54223F40D5009FF948 /* PBXContainerItemProxy */;
		};
		A24AFD60223F40D5009FF948 /* PBXTargetDependency */ = {
			isa = PBXTargetDependency;
			target = A24AFD3E223F40D3009FF948 /* NamesToFacesDemo */;
			targetProxy = A24AFD5F223F40D5009FF948 /* PBXContainerItemProxy */;
		};
/* End PBXTargetDependency section */

/* Begin PBXVariantGroup section */
		A24AFD46223F40D3009FF948 /* Main.storyboard */ = {
			isa = PBXVariantGroup;
			children = (
				A24AFD47223F40D3009FF948 /* Base */,
			);
			name = Main.storyboard;
			sourceTree = "<group>";
		};
		A24AFD4B223F40D5009FF948 /* LaunchScreen.storyboard */ = {
			isa = PBXVariantGroup;
			children = (
				A24AFD4C223F40D5009FF948 /* Base */,
			);
			name = LaunchScreen.storyboard;
			sourceTree = "<group>";
		};
/* End PBXVariantGroup section */

/* Begin XCBuildConfiguration section */
		A24AFD65223F40D5009FF948 /* Debug */ = {
			isa = XCBuildConfiguration;
			buildSettings = {
				ALWAYS_SEARCH_USER_PATHS = NO;
				CLANG_ANALYZER_NONNULL = YES;
				CLANG_ANALYZER_NUMBER_OBJECT_CONVERSION = YES_AGGRESSIVE;
				CLANG_CXX_LANGUAGE_STANDARD = "gnu++14";
				CLANG_CXX_LIBRARY = "libc++";
				CLANG_ENABLE_MODULES = YES;
				CLANG_ENABLE_OBJC_ARC = YES;
				CLANG_ENABLE_OBJC_WEAK = YES;
				CLANG_WARN_BLOCK_CAPTURE_AUTORELEASING = YES;
				CLANG_WARN_BOOL_CONVERSION = YES;
				CLANG_WARN_COMMA = YES;
				CLANG_WARN_CONSTANT_CONVERSION = YES;
				CLANG_WARN_DEPRECATED_OBJC_IMPLEMENTATIONS = YES;
				CLANG_WARN_DIRECT_OBJC_ISA_USAGE = YES_ERROR;
				CLANG_WARN_DOCUMENTATION_COMMENTS = YES;
				CLANG_WARN_EMPTY_BODY = YES;
				CLANG_WARN_ENUM_CONVERSION = YES;
				CLANG_WARN_INFINITE_RECURSION = YES;
				CLANG_WARN_INT_CONVERSION = YES;
				CLANG_WARN_NON_LITERAL_NULL_CONVERSION = YES;
				CLANG_WARN_OBJC_IMPLICIT_RETAIN_SELF = YES;
				CLANG_WARN_OBJC_LITERAL_CONVERSION = YES;
				CLANG_WARN_OBJC_ROOT_CLASS = YES_ERROR;
				CLANG_WARN_RANGE_LOOP_ANALYSIS = YES;
				CLANG_WARN_STRICT_PROTOTYPES = YES;
				CLANG_WARN_SUSPICIOUS_MOVE = YES;
				CLANG_WARN_UNGUARDED_AVAILABILITY = YES_AGGRESSIVE;
				CLANG_WARN_UNREACHABLE_CODE = YES;
				CLANG_WARN__DUPLICATE_METHOD_MATCH = YES;
				CODE_SIGN_IDENTITY = "iPhone Developer";
				COPY_PHASE_STRIP = NO;
				DEBUG_INFORMATION_FORMAT = dwarf;
				ENABLE_STRICT_OBJC_MSGSEND = YES;
				ENABLE_TESTABILITY = YES;
				GCC_C_LANGUAGE_STANDARD = gnu11;
				GCC_DYNAMIC_NO_PIC = NO;
				GCC_NO_COMMON_BLOCKS = YES;
				GCC_OPTIMIZATION_LEVEL = 0;
				GCC_PREPROCESSOR_DEFINITIONS = (
					"DEBUG=1",
					"$(inherited)",
				);
				GCC_WARN_64_TO_32_BIT_CONVERSION = YES;
				GCC_WARN_ABOUT_RETURN_TYPE = YES_ERROR;
				GCC_WARN_UNDECLARED_SELECTOR = YES;
				GCC_WARN_UNINITIALIZED_AUTOS = YES_AGGRESSIVE;
				GCC_WARN_UNUSED_FUNCTION = YES;
				GCC_WARN_UNUSED_VARIABLE = YES;
				IPHONEOS_DEPLOYMENT_TARGET = 12.1;
				MTL_ENABLE_DEBUG_INFO = INCLUDE_SOURCE;
				MTL_FAST_MATH = YES;
				ONLY_ACTIVE_ARCH = YES;
				SDKROOT = iphoneos;
				SWIFT_ACTIVE_COMPILATION_CONDITIONS = DEBUG;
				SWIFT_OPTIMIZATION_LEVEL = "-Onone";
			};
			name = Debug;
		};
		A24AFD66223F40D5009FF948 /* Release */ = {
			isa = XCBuildConfiguration;
			buildSettings = {
				ALWAYS_SEARCH_USER_PATHS = NO;
				CLANG_ANALYZER_NONNULL = YES;
				CLANG_ANALYZER_NUMBER_OBJECT_CONVERSION = YES_AGGRESSIVE;
				CLANG_CXX_LANGUAGE_STANDARD = "gnu++14";
				CLANG_CXX_LIBRARY = "libc++";
				CLANG_ENABLE_MODULES = YES;
				CLANG_ENABLE_OBJC_ARC = YES;
				CLANG_ENABLE_OBJC_WEAK = YES;
				CLANG_WARN_BLOCK_CAPTURE_AUTORELEASING = YES;
				CLANG_WARN_BOOL_CONVERSION = YES;
				CLANG_WARN_COMMA = YES;
				CLANG_WARN_CONSTANT_CONVERSION = YES;
				CLANG_WARN_DEPRECATED_OBJC_IMPLEMENTATIONS = YES;
				CLANG_WARN_DIRECT_OBJC_ISA_USAGE = YES_ERROR;
				CLANG_WARN_DOCUMENTATION_COMMENTS = YES;
				CLANG_WARN_EMPTY_BODY = YES;
				CLANG_WARN_ENUM_CONVERSION = YES;
				CLANG_WARN_INFINITE_RECURSION = YES;
				CLANG_WARN_INT_CONVERSION = YES;
				CLANG_WARN_NON_LITERAL_NULL_CONVERSION = YES;
				CLANG_WARN_OBJC_IMPLICIT_RETAIN_SELF = YES;
				CLANG_WARN_OBJC_LITERAL_CONVERSION = YES;
				CLANG_WARN_OBJC_ROOT_CLASS = YES_ERROR;
				CLANG_WARN_RANGE_LOOP_ANALYSIS = YES;
				CLANG_WARN_STRICT_PROTOTYPES = YES;
				CLANG_WARN_SUSPICIOUS_MOVE = YES;
				CLANG_WARN_UNGUARDED_AVAILABILITY = YES_AGGRESSIVE;
				CLANG_WARN_UNREACHABLE_CODE = YES;
				CLANG_WARN__DUPLICATE_METHOD_MATCH = YES;
				CODE_SIGN_IDENTITY = "iPhone Developer";
				COPY_PHASE_STRIP = NO;
				DEBUG_INFORMATION_FORMAT = "dwarf-with-dsym";
				ENABLE_NS_ASSERTIONS = NO;
				ENABLE_STRICT_OBJC_MSGSEND = YES;
				GCC_C_LANGUAGE_STANDARD = gnu11;
				GCC_NO_COMMON_BLOCKS = YES;
				GCC_WARN_64_TO_32_BIT_CONVERSION = YES;
				GCC_WARN_ABOUT_RETURN_TYPE = YES_ERROR;
				GCC_WARN_UNDECLARED_SELECTOR = YES;
				GCC_WARN_UNINITIALIZED_AUTOS = YES_AGGRESSIVE;
				GCC_WARN_UNUSED_FUNCTION = YES;
				GCC_WARN_UNUSED_VARIABLE = YES;
				IPHONEOS_DEPLOYMENT_TARGET = 12.1;
				MTL_ENABLE_DEBUG_INFO = NO;
				MTL_FAST_MATH = YES;
				SDKROOT = iphoneos;
				SWIFT_COMPILATION_MODE = wholemodule;
				SWIFT_OPTIMIZATION_LEVEL = "-O";
				VALIDATE_PRODUCT = YES;
			};
			name = Release;
		};
		A24AFD68223F40D5009FF948 /* Debug */ = {
			isa = XCBuildConfiguration;
			buildSettings = {
				ASSETCATALOG_COMPILER_APPICON_NAME = AppIcon;
				CODE_SIGN_STYLE = Automatic;
				INFOPLIST_FILE = NamesToFacesDemo/Info.plist;
				LD_RUNPATH_SEARCH_PATHS = (
					"$(inherited)",
					"@executable_path/Frameworks",
				);
				PRODUCT_BUNDLE_IDENTIFIER = "-223LK.NamesToFacesDemo";
				PRODUCT_NAME = "$(TARGET_NAME)";
				SWIFT_VERSION = 4.2;
				TARGETED_DEVICE_FAMILY = "1,2";
			};
			name = Debug;
		};
		A24AFD69223F40D5009FF948 /* Release */ = {
			isa = XCBuildConfiguration;
			buildSettings = {
				ASSETCATALOG_COMPILER_APPICON_NAME = AppIcon;
				CODE_SIGN_STYLE = Automatic;
				INFOPLIST_FILE = NamesToFacesDemo/Info.plist;
				LD_RUNPATH_SEARCH_PATHS = (
					"$(inherited)",
					"@executable_path/Frameworks",
				);
				PRODUCT_BUNDLE_IDENTIFIER = "-223LK.NamesToFacesDemo";
				PRODUCT_NAME = "$(TARGET_NAME)";
				SWIFT_VERSION = 4.2;
				TARGETED_DEVICE_FAMILY = "1,2";
			};
			name = Release;
		};
		A24AFD6B223F40D5009FF948 /* Debug */ = {
			isa = XCBuildConfiguration;
			buildSettings = {
				ALWAYS_EMBED_SWIFT_STANDARD_LIBRARIES = YES;
				BUNDLE_LOADER = "$(TEST_HOST)";
				CODE_SIGN_STYLE = Automatic;
				INFOPLIST_FILE = NamesToFacesDemoTests/Info.plist;
				LD_RUNPATH_SEARCH_PATHS = (
					"$(inherited)",
					"@executable_path/Frameworks",
					"@loader_path/Frameworks",
				);
				PRODUCT_BUNDLE_IDENTIFIER = "-223LK.NamesToFacesDemoTests";
				PRODUCT_NAME = "$(TARGET_NAME)";
				SWIFT_VERSION = 4.2;
				TARGETED_DEVICE_FAMILY = "1,2";
				TEST_HOST = "$(BUILT_PRODUCTS_DIR)/NamesToFacesDemo.app/NamesToFacesDemo";
			};
			name = Debug;
		};
		A24AFD6C223F40D5009FF948 /* Release */ = {
			isa = XCBuildConfiguration;
			buildSettings = {
				ALWAYS_EMBED_SWIFT_STANDARD_LIBRARIES = YES;
				BUNDLE_LOADER = "$(TEST_HOST)";
				CODE_SIGN_STYLE = Automatic;
				INFOPLIST_FILE = NamesToFacesDemoTests/Info.plist;
				LD_RUNPATH_SEARCH_PATHS = (
					"$(inherited)",
					"@executable_path/Frameworks",
					"@loader_path/Frameworks",
				);
				PRODUCT_BUNDLE_IDENTIFIER = "-223LK.NamesToFacesDemoTests";
				PRODUCT_NAME = "$(TARGET_NAME)";
				SWIFT_VERSION = 4.2;
				TARGETED_DEVICE_FAMILY = "1,2";
				TEST_HOST = "$(BUILT_PRODUCTS_DIR)/NamesToFacesDemo.app/NamesToFacesDemo";
			};
			name = Release;
		};
		A24AFD6E223F40D5009FF948 /* Debug */ = {
			isa = XCBuildConfiguration;
			buildSettings = {
				ALWAYS_EMBED_SWIFT_STANDARD_LIBRARIES = YES;
				CODE_SIGN_STYLE = Automatic;
				INFOPLIST_FILE = NamesToFacesDemoUITests/Info.plist;
				LD_RUNPATH_SEARCH_PATHS = (
					"$(inherited)",
					"@executable_path/Frameworks",
					"@loader_path/Frameworks",
				);
				PRODUCT_BUNDLE_IDENTIFIER = "-223LK.NamesToFacesDemoUITests";
				PRODUCT_NAME = "$(TARGET_NAME)";
				SWIFT_VERSION = 4.2;
				TARGETED_DEVICE_FAMILY = "1,2";
				TEST_TARGET_NAME = NamesToFacesDemo;
			};
			name = Debug;
		};
		A24AFD6F223F40D5009FF948 /* Release */ = {
			isa = XCBuildConfiguration;
			buildSettings = {
				ALWAYS_EMBED_SWIFT_STANDARD_LIBRARIES = YES;
				CODE_SIGN_STYLE = Automatic;
				INFOPLIST_FILE = NamesToFacesDemoUITests/Info.plist;
				LD_RUNPATH_SEARCH_PATHS = (
					"$(inherited)",
					"@executable_path/Frameworks",
					"@loader_path/Frameworks",
				);
				PRODUCT_BUNDLE_IDENTIFIER = "-223LK.NamesToFacesDemoUITests";
				PRODUCT_NAME = "$(TARGET_NAME)";
				SWIFT_VERSION = 4.2;
				TARGETED_DEVICE_FAMILY = "1,2";
				TEST_TARGET_NAME = NamesToFacesDemo;
			};
			name = Release;
		};
/* End XCBuildConfiguration section */

/* Begin XCConfigurationList section */
		A24AFD3A223F40D3009FF948 /* Build configuration list for PBXProject "NamesToFacesDemo" */ = {
			isa = XCConfigurationList;
			buildConfigurations = (
				A24AFD65223F40D5009FF948 /* Debug */,
				A24AFD66223F40D5009FF948 /* Release */,
			);
			defaultConfigurationIsVisible = 0;
			defaultConfigurationName = Release;
		};
		A24AFD67223F40D5009FF948 /* Build configuration list for PBXNativeTarget "NamesToFacesDemo" */ = {
			isa = XCConfigurationList;
			buildConfigurations = (
				A24AFD68223F40D5009FF948 /* Debug */,
				A24AFD69223F40D5009FF948 /* Release */,
			);
			defaultConfigurationIsVisible = 0;
			defaultConfigurationName = Release;
		};
		A24AFD6A223F40D5009FF948 /* Build configuration list for PBXNativeTarget "NamesToFacesDemoTests" */ = {
			isa = XCConfigurationList;
			buildConfigurations = (
				A24AFD6B223F40D5009FF948 /* Debug */,
				A24AFD6C223F40D5009FF948 /* Release */,
			);
			defaultConfigurationIsVisible = 0;
			defaultConfigurationName = Release;
		};
		A24AFD6D223F40D5009FF948 /* Build configuration list for PBXNativeTarget "NamesToFacesDemoUITests" */ = {
			isa = XCConfigurationList;
			buildConfigurations = (
				A24AFD6E223F40D5009FF948 /* Debug */,
				A24AFD6F223F40D5009FF948 /* Release */,
			);
			defaultConfigurationIsVisible = 0;
			defaultConfigurationName = Release;
		};
/* End XCConfigurationList section */
	};
	rootObject = A24AFD37223F40D3009FF948 /* Project object */;
}
