// !$*UTF8*$!
{
	archiveVersion = 1;
	classes = {
	};
	objectVersion = 50;
	objects = {

/* Begin PBXBuildFile section */
		A24AFBD3222CD284009FF948 /* AppDelegate.swift in Sources */ = {isa = PBXBuildFile; fileRef = A24AFBD2222CD284009FF948 /* AppDelegate.swift */; };
		A24AFBD5222CD284009FF948 /* ViewController.swift in Sources */ = {isa = PBXBuildFile; fileRef = A24AFBD4222CD284009FF948 /* ViewController.swift */; };
		A24AFBD8222CD284009FF948 /* Main.storyboard in Resources */ = {isa = PBXBuildFile; fileRef = A24AFBD6222CD284009FF948 /* Main.storyboard */; };
		A24AFBDA222CD285009FF948 /* Assets.xcassets in Resources */ = {isa = PBXBuildFile; fileRef = A24AFBD9222CD285009FF948 /* Assets.xcassets */; };
		A24AFBDD222CD285009FF948 /* LaunchScreen.storyboard in Resources */ = {isa = PBXBuildFile; fileRef = A24AFBDB222CD285009FF948 /* LaunchScreen.storyboard */; };
		A24AFBE8222CD285009FF948 /* WordScrambleTests.swift in Sources */ = {isa = PBXBuildFile; fileRef = A24AFBE7222CD285009FF948 /* WordScrambleTests.swift */; };
		A24AFBF3222CD285009FF948 /* WordScrambleUITests.swift in Sources */ = {isa = PBXBuildFile; fileRef = A24AFBF2222CD285009FF948 /* WordScrambleUITests.swift */; };
/* End PBXBuildFile section */

/* Begin PBXContainerItemProxy section */
		A24AFBE4222CD285009FF948 /* PBXContainerItemProxy */ = {
			isa = PBXContainerItemProxy;
			containerPortal = A24AFBC7222CD284009FF948 /* Project object */;
			proxyType = 1;
			remoteGlobalIDString = A24AFBCE222CD284009FF948;
			remoteInfo = WordScramble;
		};
		A24AFBEF222CD285009FF948 /* PBXContainerItemProxy */ = {
			isa = PBXContainerItemProxy;
			containerPortal = A24AFBC7222CD284009FF948 /* Project object */;
			proxyType = 1;
			remoteGlobalIDString = A24AFBCE222CD284009FF948;
			remoteInfo = WordScramble;
		};
/* End PBXContainerItemProxy section */

/* Begin PBXFileReference section */
		A24AFBCF222CD284009FF948 /* WordScramble.app */ = {isa = PBXFileReference; explicitFileType = wrapper.application; includeInIndex = 0; path = WordScramble.app; sourceTree = BUILT_PRODUCTS_DIR; };
		A24AFBD2222CD284009FF948 /* AppDelegate.swift */ = {isa = PBXFileReference; lastKnownFileType = sourcecode.swift; path = AppDelegate.swift; sourceTree = "<group>"; };
		A24AFBD4222CD284009FF948 /* ViewController.swift */ = {isa = PBXFileReference; lastKnownFileType = sourcecode.swift; path = ViewController.swift; sourceTree = "<group>"; };
		A24AFBD7222CD284009FF948 /* Base */ = {isa = PBXFileReference; lastKnownFileType = file.storyboard; name = Base; path = Base.lproj/Main.storyboard; sourceTree = "<group>"; };
		A24AFBD9222CD285009FF948 /* Assets.xcassets */ = {isa = PBXFileReference; lastKnownFileType = folder.assetcatalog; path = Assets.xcassets; sourceTree = "<group>"; };
		A24AFBDC222CD285009FF948 /* Base */ = {isa = PBXFileReference; lastKnownFileType = file.storyboard; name = Base; path = Base.lproj/LaunchScreen.storyboard; sourceTree = "<group>"; };
		A24AFBDE222CD285009FF948 /* Info.plist */ = {isa = PBXFileReference; lastKnownFileType = text.plist.xml; path = Info.plist; sourceTree = "<group>"; };
		A24AFBE3222CD285009FF948 /* WordScrambleTests.xctest */ = {isa = PBXFileReference; explicitFileType = wrapper.cfbundle; includeInIndex = 0; path = WordScrambleTests.xctest; sourceTree = BUILT_PRODUCTS_DIR; };
		A24AFBE7222CD285009FF948 /* WordScrambleTests.swift */ = {isa = PBXFileReference; lastKnownFileType = sourcecode.swift; path = WordScrambleTests.swift; sourceTree = "<group>"; };
		A24AFBE9222CD285009FF948 /* Info.plist */ = {isa = PBXFileReference; lastKnownFileType = text.plist.xml; path = Info.plist; sourceTree = "<group>"; };
		A24AFBEE222CD285009FF948 /* WordScrambleUITests.xctest */ = {isa = PBXFileReference; explicitFileType = wrapper.cfbundle; includeInIndex = 0; path = WordScrambleUITests.xctest; sourceTree = BUILT_PRODUCTS_DIR; };
		A24AFBF2222CD285009FF948 /* WordScrambleUITests.swift */ = {isa = PBXFileReference; lastKnownFileType = sourcecode.swift; path = WordScrambleUITests.swift; sourceTree = "<group>"; };
		A24AFBF4222CD285009FF948 /* Info.plist */ = {isa = PBXFileReference; lastKnownFileType = text.plist.xml; path = Info.plist; sourceTree = "<group>"; };
/* End PBXFileReference section */

/* Begin PBXFrameworksBuildPhase section */
		A24AFBCC222CD284009FF948 /* Frameworks */ = {
			isa = PBXFrameworksBuildPhase;
			buildActionMask = 2147483647;
			files = (
			);
			runOnlyForDeploymentPostprocessing = 0;
		};
		A24AFBE0222CD285009FF948 /* Frameworks */ = {
			isa = PBXFrameworksBuildPhase;
			buildActionMask = 2147483647;
			files = (
			);
			runOnlyForDeploymentPostprocessing = 0;
		};
		A24AFBEB222CD285009FF948 /* Frameworks */ = {
			isa = PBXFrameworksBuildPhase;
			buildActionMask = 2147483647;
			files = (
			);
			runOnlyForDeploymentPostprocessing = 0;
		};
/* End PBXFrameworksBuildPhase section */

/* Begin PBXGroup section */
		A24AFBC6222CD284009FF948 = {
			isa = PBXGroup;
			children = (
				A24AFBD1222CD284009FF948 /* WordScramble */,
				A24AFBE6222CD285009FF948 /* WordScrambleTests */,
				A24AFBF1222CD285009FF948 /* WordScrambleUITests */,
				A24AFBD0222CD284009FF948 /* Products */,
			);
			sourceTree = "<group>";
		};
		A24AFBD0222CD284009FF948 /* Products */ = {
			isa = PBXGroup;
			children = (
				A24AFBCF222CD284009FF948 /* WordScramble.app */,
				A24AFBE3222CD285009FF948 /* WordScrambleTests.xctest */,
				A24AFBEE222CD285009FF948 /* WordScrambleUITests.xctest */,
			);
			name = Products;
			sourceTree = "<group>";
		};
		A24AFBD1222CD284009FF948 /* WordScramble */ = {
			isa = PBXGroup;
			children = (
				A24AFBD2222CD284009FF948 /* AppDelegate.swift */,
				A24AFBD4222CD284009FF948 /* ViewController.swift */,
				A24AFBD6222CD284009FF948 /* Main.storyboard */,
				A24AFBD9222CD285009FF948 /* Assets.xcassets */,
				A24AFBDB222CD285009FF948 /* LaunchScreen.storyboard */,
				A24AFBDE222CD285009FF948 /* Info.plist */,
			);
			path = WordScramble;
			sourceTree = "<group>";
		};
		A24AFBE6222CD285009FF948 /* WordScrambleTests */ = {
			isa = PBXGroup;
			children = (
				A24AFBE7222CD285009FF948 /* WordScrambleTests.swift */,
				A24AFBE9222CD285009FF948 /* Info.plist */,
			);
			path = WordScrambleTests;
			sourceTree = "<group>";
		};
		A24AFBF1222CD285009FF948 /* WordScrambleUITests */ = {
			isa = PBXGroup;
			children = (
				A24AFBF2222CD285009FF948 /* WordScrambleUITests.swift */,
				A24AFBF4222CD285009FF948 /* Info.plist */,
			);
			path = WordScrambleUITests;
			sourceTree = "<group>";
		};
/* End PBXGroup section */

/* Begin PBXNativeTarget section */
		A24AFBCE222CD284009FF948 /* WordScramble */ = {
			isa = PBXNativeTarget;
			buildConfigurationList = A24AFBF7222CD285009FF948 /* Build configuration list for PBXNativeTarget "WordScramble" */;
			buildPhases = (
				A24AFBCB222CD284009FF948 /* Sources */,
				A24AFBCC222CD284009FF948 /* Frameworks */,
				A24AFBCD222CD284009FF948 /* Resources */,
			);
			buildRules = (
			);
			dependencies = (
			);
			name = WordScramble;
			productName = WordScramble;
			productReference = A24AFBCF222CD284009FF948 /* WordScramble.app */;
			productType = "com.apple.product-type.application";
		};
		A24AFBE2222CD285009FF948 /* WordScrambleTests */ = {
			isa = PBXNativeTarget;
			buildConfigurationList = A24AFBFA222CD285009FF948 /* Build configuration list for PBXNativeTarget "WordScrambleTests" */;
			buildPhases = (
				A24AFBDF222CD285009FF948 /* Sources */,
				A24AFBE0222CD285009FF948 /* Frameworks */,
				A24AFBE1222CD285009FF948 /* Resources */,
			);
			buildRules = (
			);
			dependencies = (
				A24AFBE5222CD285009FF948 /* PBXTargetDependency */,
			);
			name = WordScrambleTests;
			productName = WordScrambleTests;
			productReference = A24AFBE3222CD285009FF948 /* WordScrambleTests.xctest */;
			productType = "com.apple.product-type.bundle.unit-test";
		};
		A24AFBED222CD285009FF948 /* WordScrambleUITests */ = {
			isa = PBXNativeTarget;
			buildConfigurationList = A24AFBFD222CD285009FF948 /* Build configuration list for PBXNativeTarget "WordScrambleUITests" */;
			buildPhases = (
				A24AFBEA222CD285009FF948 /* Sources */,
				A24AFBEB222CD285009FF948 /* Frameworks */,
				A24AFBEC222CD285009FF948 /* Resources */,
			);
			buildRules = (
			);
			dependencies = (
				A24AFBF0222CD285009FF948 /* PBXTargetDependency */,
			);
			name = WordScrambleUITests;
			productName = WordScrambleUITests;
			productReference = A24AFBEE222CD285009FF948 /* WordScrambleUITests.xctest */;
			productType = "com.apple.product-type.bundle.ui-testing";
		};
/* End PBXNativeTarget section */

/* Begin PBXProject section */
		A24AFBC7222CD284009FF948 /* Project object */ = {
			isa = PBXProject;
			attributes = {
				LastSwiftUpdateCheck = 1010;
				LastUpgradeCheck = 1010;
				ORGANIZATIONNAME = LK;
				TargetAttributes = {
					A24AFBCE222CD284009FF948 = {
						CreatedOnToolsVersion = 10.1;
					};
					A24AFBE2222CD285009FF948 = {
						CreatedOnToolsVersion = 10.1;
						TestTargetID = A24AFBCE222CD284009FF948;
					};
					A24AFBED222CD285009FF948 = {
						CreatedOnToolsVersion = 10.1;
						TestTargetID = A24AFBCE222CD284009FF948;
					};
				};
			};
			buildConfigurationList = A24AFBCA222CD284009FF948 /* Build configuration list for PBXProject "WordScramble" */;
			compatibilityVersion = "Xcode 9.3";
			developmentRegion = en;
			hasScannedForEncodings = 0;
			knownRegions = (
				en,
				Base,
			);
			mainGroup = A24AFBC6222CD284009FF948;
			productRefGroup = A24AFBD0222CD284009FF948 /* Products */;
			projectDirPath = "";
			projectRoot = "";
			targets = (
				A24AFBCE222CD284009FF948 /* WordScramble */,
				A24AFBE2222CD285009FF948 /* WordScrambleTests */,
				A24AFBED222CD285009FF948 /* WordScrambleUITests */,
			);
		};
/* End PBXProject section */

/* Begin PBXResourcesBuildPhase section */
		A24AFBCD222CD284009FF948 /* Resources */ = {
			isa = PBXResourcesBuildPhase;
			buildActionMask = 2147483647;
			files = (
				A24AFBDD222CD285009FF948 /* LaunchScreen.storyboard in Resources */,
				A24AFBDA222CD285009FF948 /* Assets.xcassets in Resources */,
				A24AFBD8222CD284009FF948 /* Main.storyboard in Resources */,
			);
			runOnlyForDeploymentPostprocessing = 0;
		};
		A24AFBE1222CD285009FF948 /* Resources */ = {
			isa = PBXResourcesBuildPhase;
			buildActionMask = 2147483647;
			files = (
			);
			runOnlyForDeploymentPostprocessing = 0;
		};
		A24AFBEC222CD285009FF948 /* Resources */ = {
			isa = PBXResourcesBuildPhase;
			buildActionMask = 2147483647;
			files = (
			);
			runOnlyForDeploymentPostprocessing = 0;
		};
/* End PBXResourcesBuildPhase section */

/* Begin PBXSourcesBuildPhase section */
		A24AFBCB222CD284009FF948 /* Sources */ = {
			isa = PBXSourcesBuildPhase;
			buildActionMask = 2147483647;
			files = (
				A24AFBD5222CD284009FF948 /* ViewController.swift in Sources */,
				A24AFBD3222CD284009FF948 /* AppDelegate.swift in Sources */,
			);
			runOnlyForDeploymentPostprocessing = 0;
		};
		A24AFBDF222CD285009FF948 /* Sources */ = {
			isa = PBXSourcesBuildPhase;
			buildActionMask = 2147483647;
			files = (
				A24AFBE8222CD285009FF948 /* WordScrambleTests.swift in Sources */,
			);
			runOnlyForDeploymentPostprocessing = 0;
		};
		A24AFBEA222CD285009FF948 /* Sources */ = {
			isa = PBXSourcesBuildPhase;
			buildActionMask = 2147483647;
			files = (
				A24AFBF3222CD285009FF948 /* WordScrambleUITests.swift in Sources */,
			);
			runOnlyForDeploymentPostprocessing = 0;
		};
/* End PBXSourcesBuildPhase section */

/* Begin PBXTargetDependency section */
		A24AFBE5222CD285009FF948 /* PBXTargetDependency */ = {
			isa = PBXTargetDependency;
			target = A24AFBCE222CD284009FF948 /* WordScramble */;
			targetProxy = A24AFBE4222CD285009FF948 /* PBXContainerItemProxy */;
		};
		A24AFBF0222CD285009FF948 /* PBXTargetDependency */ = {
			isa = PBXTargetDependency;
			target = A24AFBCE222CD284009FF948 /* WordScramble */;
			targetProxy = A24AFBEF222CD285009FF948 /* PBXContainerItemProxy */;
		};
/* End PBXTargetDependency section */

/* Begin PBXVariantGroup section */
		A24AFBD6222CD284009FF948 /* Main.storyboard */ = {
			isa = PBXVariantGroup;
			children = (
				A24AFBD7222CD284009FF948 /* Base */,
			);
			name = Main.storyboard;
			sourceTree = "<group>";
		};
		A24AFBDB222CD285009FF948 /* LaunchScreen.storyboard */ = {
			isa = PBXVariantGroup;
			children = (
				A24AFBDC222CD285009FF948 /* Base */,
			);
			name = LaunchScreen.storyboard;
			sourceTree = "<group>";
		};
/* End PBXVariantGroup section */

/* Begin XCBuildConfiguration section */
		A24AFBF5222CD285009FF948 /* Debug */ = {
			isa = XCBuildConfiguration;
			buildSettings = {
				ALWAYS_SEARCH_USER_PATHS = NO;
				CLANG_ANALYZER_NONNULL = YES;
				CLANG_ANALYZER_NUMBER_OBJECT_CONVERSION = YES_AGGRESSIVE;
				CLANG_CXX_LANGUAGE_STANDARD = "gnu++14";
				CLANG_CXX_LIBRARY = "libc++";
				CLANG_ENABLE_MODULES = YES;
				CLANG_ENABLE_OBJC_ARC = YES;
				CLANG_ENABLE_OBJC_WEAK = YES;
				CLANG_WARN_BLOCK_CAPTURE_AUTORELEASING = YES;
				CLANG_WARN_BOOL_CONVERSION = YES;
				CLANG_WARN_COMMA = YES;
				CLANG_WARN_CONSTANT_CONVERSION = YES;
				CLANG_WARN_DEPRECATED_OBJC_IMPLEMENTATIONS = YES;
				CLANG_WARN_DIRECT_OBJC_ISA_USAGE = YES_ERROR;
				CLANG_WARN_DOCUMENTATION_COMMENTS = YES;
				CLANG_WARN_EMPTY_BODY = YES;
				CLANG_WARN_ENUM_CONVERSION = YES;
				CLANG_WARN_INFINITE_RECURSION = YES;
				CLANG_WARN_INT_CONVERSION = YES;
				CLANG_WARN_NON_LITERAL_NULL_CONVERSION = YES;
				CLANG_WARN_OBJC_IMPLICIT_RETAIN_SELF = YES;
				CLANG_WARN_OBJC_LITERAL_CONVERSION = YES;
				CLANG_WARN_OBJC_ROOT_CLASS = YES_ERROR;
				CLANG_WARN_RANGE_LOOP_ANALYSIS = YES;
				CLANG_WARN_STRICT_PROTOTYPES = YES;
				CLANG_WARN_SUSPICIOUS_MOVE = YES;
				CLANG_WARN_UNGUARDED_AVAILABILITY = YES_AGGRESSIVE;
				CLANG_WARN_UNREACHABLE_CODE = YES;
				CLANG_WARN__DUPLICATE_METHOD_MATCH = YES;
				CODE_SIGN_IDENTITY = "iPhone Developer";
				COPY_PHASE_STRIP = NO;
				DEBUG_INFORMATION_FORMAT = dwarf;
				ENABLE_STRICT_OBJC_MSGSEND = YES;
				ENABLE_TESTABILITY = YES;
				GCC_C_LANGUAGE_STANDARD = gnu11;
				GCC_DYNAMIC_NO_PIC = NO;
				GCC_NO_COMMON_BLOCKS = YES;
				GCC_OPTIMIZATION_LEVEL = 0;
				GCC_PREPROCESSOR_DEFINITIONS = (
					"DEBUG=1",
					"$(inherited)",
				);
				GCC_WARN_64_TO_32_BIT_CONVERSION = YES;
				GCC_WARN_ABOUT_RETURN_TYPE = YES_ERROR;
				GCC_WARN_UNDECLARED_SELECTOR = YES;
				GCC_WARN_UNINITIALIZED_AUTOS = YES_AGGRESSIVE;
				GCC_WARN_UNUSED_FUNCTION = YES;
				GCC_WARN_UNUSED_VARIABLE = YES;
				IPHONEOS_DEPLOYMENT_TARGET = 12.1;
				MTL_ENABLE_DEBUG_INFO = INCLUDE_SOURCE;
				MTL_FAST_MATH = YES;
				ONLY_ACTIVE_ARCH = YES;
				SDKROOT = iphoneos;
				SWIFT_ACTIVE_COMPILATION_CONDITIONS = DEBUG;
				SWIFT_OPTIMIZATION_LEVEL = "-Onone";
			};
			name = Debug;
		};
		A24AFBF6222CD285009FF948 /* Release */ = {
			isa = XCBuildConfiguration;
			buildSettings = {
				ALWAYS_SEARCH_USER_PATHS = NO;
				CLANG_ANALYZER_NONNULL = YES;
				CLANG_ANALYZER_NUMBER_OBJECT_CONVERSION = YES_AGGRESSIVE;
				CLANG_CXX_LANGUAGE_STANDARD = "gnu++14";
				CLANG_CXX_LIBRARY = "libc++";
				CLANG_ENABLE_MODULES = YES;
				CLANG_ENABLE_OBJC_ARC = YES;
				CLANG_ENABLE_OBJC_WEAK = YES;
				CLANG_WARN_BLOCK_CAPTURE_AUTORELEASING = YES;
				CLANG_WARN_BOOL_CONVERSION = YES;
				CLANG_WARN_COMMA = YES;
				CLANG_WARN_CONSTANT_CONVERSION = YES;
				CLANG_WARN_DEPRECATED_OBJC_IMPLEMENTATIONS = YES;
				CLANG_WARN_DIRECT_OBJC_ISA_USAGE = YES_ERROR;
				CLANG_WARN_DOCUMENTATION_COMMENTS = YES;
				CLANG_WARN_EMPTY_BODY = YES;
				CLANG_WARN_ENUM_CONVERSION = YES;
				CLANG_WARN_INFINITE_RECURSION = YES;
				CLANG_WARN_INT_CONVERSION = YES;
				CLANG_WARN_NON_LITERAL_NULL_CONVERSION = YES;
				CLANG_WARN_OBJC_IMPLICIT_RETAIN_SELF = YES;
				CLANG_WARN_OBJC_LITERAL_CONVERSION = YES;
				CLANG_WARN_OBJC_ROOT_CLASS = YES_ERROR;
				CLANG_WARN_RANGE_LOOP_ANALYSIS = YES;
				CLANG_WARN_STRICT_PROTOTYPES = YES;
				CLANG_WARN_SUSPICIOUS_MOVE = YES;
				CLANG_WARN_UNGUARDED_AVAILABILITY = YES_AGGRESSIVE;
				CLANG_WARN_UNREACHABLE_CODE = YES;
				CLANG_WARN__DUPLICATE_METHOD_MATCH = YES;
				CODE_SIGN_IDENTITY = "iPhone Developer";
				COPY_PHASE_STRIP = NO;
				DEBUG_INFORMATION_FORMAT = "dwarf-with-dsym";
				ENABLE_NS_ASSERTIONS = NO;
				ENABLE_STRICT_OBJC_MSGSEND = YES;
				GCC_C_LANGUAGE_STANDARD = gnu11;
				GCC_NO_COMMON_BLOCKS = YES;
				GCC_WARN_64_TO_32_BIT_CONVERSION = YES;
				GCC_WARN_ABOUT_RETURN_TYPE = YES_ERROR;
				GCC_WARN_UNDECLARED_SELECTOR = YES;
				GCC_WARN_UNINITIALIZED_AUTOS = YES_AGGRESSIVE;
				GCC_WARN_UNUSED_FUNCTION = YES;
				GCC_WARN_UNUSED_VARIABLE = YES;
				IPHONEOS_DEPLOYMENT_TARGET = 12.1;
				MTL_ENABLE_DEBUG_INFO = NO;
				MTL_FAST_MATH = YES;
				SDKROOT = iphoneos;
				SWIFT_COMPILATION_MODE = wholemodule;
				SWIFT_OPTIMIZATION_LEVEL = "-O";
				VALIDATE_PRODUCT = YES;
			};
			name = Release;
		};
		A24AFBF8222CD285009FF948 /* Debug */ = {
			isa = XCBuildConfiguration;
			buildSettings = {
				ASSETCATALOG_COMPILER_APPICON_NAME = AppIcon;
				CODE_SIGN_STYLE = Automatic;
				INFOPLIST_FILE = WordScramble/Info.plist;
				LD_RUNPATH_SEARCH_PATHS = (
					"$(inherited)",
					"@executable_path/Frameworks",
				);
				PRODUCT_BUNDLE_IDENTIFIER = "-223LK.WordScramble";
				PRODUCT_NAME = "$(TARGET_NAME)";
				SWIFT_VERSION = 4.2;
				TARGETED_DEVICE_FAMILY = "1,2";
			};
			name = Debug;
		};
		A24AFBF9222CD285009FF948 /* Release */ = {
			isa = XCBuildConfiguration;
			buildSettings = {
				ASSETCATALOG_COMPILER_APPICON_NAME = AppIcon;
				CODE_SIGN_STYLE = Automatic;
				INFOPLIST_FILE = WordScramble/Info.plist;
				LD_RUNPATH_SEARCH_PATHS = (
					"$(inherited)",
					"@executable_path/Frameworks",
				);
				PRODUCT_BUNDLE_IDENTIFIER = "-223LK.WordScramble";
				PRODUCT_NAME = "$(TARGET_NAME)";
				SWIFT_VERSION = 4.2;
				TARGETED_DEVICE_FAMILY = "1,2";
			};
			name = Release;
		};
		A24AFBFB222CD285009FF948 /* Debug */ = {
			isa = XCBuildConfiguration;
			buildSettings = {
				ALWAYS_EMBED_SWIFT_STANDARD_LIBRARIES = YES;
				BUNDLE_LOADER = "$(TEST_HOST)";
				CODE_SIGN_STYLE = Automatic;
				INFOPLIST_FILE = WordScrambleTests/Info.plist;
				LD_RUNPATH_SEARCH_PATHS = (
					"$(inherited)",
					"@executable_path/Frameworks",
					"@loader_path/Frameworks",
				);
				PRODUCT_BUNDLE_IDENTIFIER = "-223LK.WordScrambleTests";
				PRODUCT_NAME = "$(TARGET_NAME)";
				SWIFT_VERSION = 4.2;
				TARGETED_DEVICE_FAMILY = "1,2";
				TEST_HOST = "$(BUILT_PRODUCTS_DIR)/WordScramble.app/WordScramble";
			};
			name = Debug;
		};
		A24AFBFC222CD285009FF948 /* Release */ = {
			isa = XCBuildConfiguration;
			buildSettings = {
				ALWAYS_EMBED_SWIFT_STANDARD_LIBRARIES = YES;
				BUNDLE_LOADER = "$(TEST_HOST)";
				CODE_SIGN_STYLE = Automatic;
				INFOPLIST_FILE = WordScrambleTests/Info.plist;
				LD_RUNPATH_SEARCH_PATHS = (
					"$(inherited)",
					"@executable_path/Frameworks",
					"@loader_path/Frameworks",
				);
				PRODUCT_BUNDLE_IDENTIFIER = "-223LK.WordScrambleTests";
				PRODUCT_NAME = "$(TARGET_NAME)";
				SWIFT_VERSION = 4.2;
				TARGETED_DEVICE_FAMILY = "1,2";
				TEST_HOST = "$(BUILT_PRODUCTS_DIR)/WordScramble.app/WordScramble";
			};
			name = Release;
		};
		A24AFBFE222CD285009FF948 /* Debug */ = {
			isa = XCBuildConfiguration;
			buildSettings = {
				ALWAYS_EMBED_SWIFT_STANDARD_LIBRARIES = YES;
				CODE_SIGN_STYLE = Automatic;
				INFOPLIST_FILE = WordScrambleUITests/Info.plist;
				LD_RUNPATH_SEARCH_PATHS = (
					"$(inherited)",
					"@executable_path/Frameworks",
					"@loader_path/Frameworks",
				);
				PRODUCT_BUNDLE_IDENTIFIER = "-223LK.WordScrambleUITests";
				PRODUCT_NAME = "$(TARGET_NAME)";
				SWIFT_VERSION = 4.2;
				TARGETED_DEVICE_FAMILY = "1,2";
				TEST_TARGET_NAME = WordScramble;
			};
			name = Debug;
		};
		A24AFBFF222CD285009FF948 /* Release */ = {
			isa = XCBuildConfiguration;
			buildSettings = {
				ALWAYS_EMBED_SWIFT_STANDARD_LIBRARIES = YES;
				CODE_SIGN_STYLE = Automatic;
				INFOPLIST_FILE = WordScrambleUITests/Info.plist;
				LD_RUNPATH_SEARCH_PATHS = (
					"$(inherited)",
					"@executable_path/Frameworks",
					"@loader_path/Frameworks",
				);
				PRODUCT_BUNDLE_IDENTIFIER = "-223LK.WordScrambleUITests";
				PRODUCT_NAME = "$(TARGET_NAME)";
				SWIFT_VERSION = 4.2;
				TARGETED_DEVICE_FAMILY = "1,2";
				TEST_TARGET_NAME = WordScramble;
			};
			name = Release;
		};
/* End XCBuildConfiguration section */

/* Begin XCConfigurationList section */
		A24AFBCA222CD284009FF948 /* Build configuration list for PBXProject "WordScramble" */ = {
			isa = XCConfigurationList;
			buildConfigurations = (
				A24AFBF5222CD285009FF948 /* Debug */,
				A24AFBF6222CD285009FF948 /* Release */,
			);
			defaultConfigurationIsVisible = 0;
			defaultConfigurationName = Release;
		};
		A24AFBF7222CD285009FF948 /* Build configuration list for PBXNativeTarget "WordScramble" */ = {
			isa = XCConfigurationList;
			buildConfigurations = (
				A24AFBF8222CD285009FF948 /* Debug */,
				A24AFBF9222CD285009FF948 /* Release */,
			);
			defaultConfigurationIsVisible = 0;
			defaultConfigurationName = Release;
		};
		A24AFBFA222CD285009FF948 /* Build configuration list for PBXNativeTarget "WordScrambleTests" */ = {
			isa = XCConfigurationList;
			buildConfigurations = (
				A24AFBFB222CD285009FF948 /* Debug */,
				A24AFBFC222CD285009FF948 /* Release */,
			);
			defaultConfigurationIsVisible = 0;
			defaultConfigurationName = Release;
		};
		A24AFBFD222CD285009FF948 /* Build configuration list for PBXNativeTarget "WordScrambleUITests" */ = {
			isa = XCConfigurationList;
			buildConfigurations = (
				A24AFBFE222CD285009FF948 /* Debug */,
				A24AFBFF222CD285009FF948 /* Release */,
			);
			defaultConfigurationIsVisible = 0;
			defaultConfigurationName = Release;
		};
/* End XCConfigurationList section */
	};
	rootObject = A24AFBC7222CD284009FF948 /* Project object */;
}
