// !$*UTF8*$!
{
	archiveVersion = 1;
	classes = {
	};
	objectVersion = 50;
	objects = {

/* Begin PBXBuildFile section */
		A23B44A922657E360013E9EB /* AppDelegate.swift in Sources */ = {isa = PBXBuildFile; fileRef = A23B44A822657E360013E9EB /* AppDelegate.swift */; };
		A23B44AB22657E360013E9EB /* GameScene.sks in Resources */ = {isa = PBXBuildFile; fileRef = A23B44AA22657E360013E9EB /* GameScene.sks */; };
		A23B44AF22657E360013E9EB /* GameScene.swift in Sources */ = {isa = PBXBuildFile; fileRef = A23B44AE22657E360013E9EB /* GameScene.swift */; };
		A23B44B122657E360013E9EB /* GameViewController.swift in Sources */ = {isa = PBXBuildFile; fileRef = A23B44B022657E360013E9EB /* GameViewController.swift */; };
		A23B44B422657E360013E9EB /* Main.storyboard in Resources */ = {isa = PBXBuildFile; fileRef = A23B44B222657E360013E9EB /* Main.storyboard */; };
		A23B44B622657E370013E9EB /* Assets.xcassets in Resources */ = {isa = PBXBuildFile; fileRef = A23B44B522657E370013E9EB /* Assets.xcassets */; };
		A23B44B922657E370013E9EB /* LaunchScreen.storyboard in Resources */ = {isa = PBXBuildFile; fileRef = A23B44B722657E370013E9EB /* LaunchScreen.storyboard */; };
		A23B44CF22657FF40013E9EB /* whackBad.caf in Resources */ = {isa = PBXBuildFile; fileRef = A23B44C122657FF40013E9EB /* whackBad.caf */; };
		A23B44D022657FF40013E9EB /* penguinGood.png in Resources */ = {isa = PBXBuildFile; fileRef = A23B44C222657FF40013E9EB /* penguinGood.png */; };
		A23B44D122657FF40013E9EB /* whackMask.png in Resources */ = {isa = PBXBuildFile; fileRef = A23B44C322657FF40013E9EB /* whackMask.png */; };
		A23B44D222657FF40013E9EB /* whackBackground.png in Resources */ = {isa = PBXBuildFile; fileRef = A23B44C422657FF40013E9EB /* whackBackground.png */; };
		A23B44D322657FF40013E9EB /* whack.caf in Resources */ = {isa = PBXBuildFile; fileRef = A23B44C522657FF40013E9EB /* whack.caf */; };
		A23B44D422657FF40013E9EB /* gameOver@2x.png in Resources */ = {isa = PBXBuildFile; fileRef = A23B44C622657FF40013E9EB /* gameOver@2x.png */; };
		A23B44D522657FF40013E9EB /* whackHole.png in Resources */ = {isa = PBXBuildFile; fileRef = A23B44C722657FF40013E9EB /* whackHole.png */; };
		A23B44D622657FF40013E9EB /* penguinEvil@2x.png in Resources */ = {isa = PBXBuildFile; fileRef = A23B44C822657FF40013E9EB /* penguinEvil@2x.png */; };
		A23B44D722657FF40013E9EB /* whackHole@2x.png in Resources */ = {isa = PBXBuildFile; fileRef = A23B44C922657FF40013E9EB /* whackHole@2x.png */; };
		A23B44D822657FF40013E9EB /* penguinEvil.png in Resources */ = {isa = PBXBuildFile; fileRef = A23B44CA22657FF40013E9EB /* penguinEvil.png */; };
		A23B44D922657FF40013E9EB /* penguinGood@2x.png in Resources */ = {isa = PBXBuildFile; fileRef = A23B44CB22657FF40013E9EB /* penguinGood@2x.png */; };
		A23B44DA22657FF40013E9EB /* gameOver.png in Resources */ = {isa = PBXBuildFile; fileRef = A23B44CC22657FF40013E9EB /* gameOver.png */; };
		A23B44DB22657FF40013E9EB /* whackMask@2x.png in Resources */ = {isa = PBXBuildFile; fileRef = A23B44CD22657FF40013E9EB /* whackMask@2x.png */; };
		A23B44DC22657FF40013E9EB /* whackBackground@2x.png in Resources */ = {isa = PBXBuildFile; fileRef = A23B44CE22657FF40013E9EB /* whackBackground@2x.png */; };
		A23B44DE2265852C0013E9EB /* WhackSlot.swift in Sources */ = {isa = PBXBuildFile; fileRef = A23B44DD2265852C0013E9EB /* WhackSlot.swift */; };
/* End PBXBuildFile section */

/* Begin PBXFileReference section */
		A23B44A522657E360013E9EB /* WhackAPenguin.app */ = {isa = PBXFileReference; explicitFileType = wrapper.application; includeInIndex = 0; path = WhackAPenguin.app; sourceTree = BUILT_PRODUCTS_DIR; };
		A23B44A822657E360013E9EB /* AppDelegate.swift */ = {isa = PBXFileReference; lastKnownFileType = sourcecode.swift; path = AppDelegate.swift; sourceTree = "<group>"; };
		A23B44AA22657E360013E9EB /* GameScene.sks */ = {isa = PBXFileReference; lastKnownFileType = file.sks; path = GameScene.sks; sourceTree = "<group>"; };
		A23B44AE22657E360013E9EB /* GameScene.swift */ = {isa = PBXFileReference; lastKnownFileType = sourcecode.swift; path = GameScene.swift; sourceTree = "<group>"; };
		A23B44B022657E360013E9EB /* GameViewController.swift */ = {isa = PBXFileReference; lastKnownFileType = sourcecode.swift; path = GameViewController.swift; sourceTree = "<group>"; };
		A23B44B322657E360013E9EB /* Base */ = {isa = PBXFileReference; lastKnownFileType = file.storyboard; name = Base; path = Base.lproj/Main.storyboard; sourceTree = "<group>"; };
		A23B44B522657E370013E9EB /* Assets.xcassets */ = {isa = PBXFileReference; lastKnownFileType = folder.assetcatalog; path = Assets.xcassets; sourceTree = "<group>"; };
		A23B44B822657E370013E9EB /* Base */ = {isa = PBXFileReference; lastKnownFileType = file.storyboard; name = Base; path = Base.lproj/LaunchScreen.storyboard; sourceTree = "<group>"; };
		A23B44BA22657E370013E9EB /* Info.plist */ = {isa = PBXFileReference; lastKnownFileType = text.plist.xml; path = Info.plist; sourceTree = "<group>"; };
		A23B44C122657FF40013E9EB /* whackBad.caf */ = {isa = PBXFileReference; lastKnownFileType = file; path = whackBad.caf; sourceTree = "<group>"; };
		A23B44C222657FF40013E9EB /* penguinGood.png */ = {isa = PBXFileReference; lastKnownFileType = image.png; path = penguinGood.png; sourceTree = "<group>"; };
		A23B44C322657FF40013E9EB /* whackMask.png */ = {isa = PBXFileReference; lastKnownFileType = image.png; path = whackMask.png; sourceTree = "<group>"; };
		A23B44C422657FF40013E9EB /* whackBackground.png */ = {isa = PBXFileReference; lastKnownFileType = image.png; path = whackBackground.png; sourceTree = "<group>"; };
		A23B44C522657FF40013E9EB /* whack.caf */ = {isa = PBXFileReference; lastKnownFileType = file; path = whack.caf; sourceTree = "<group>"; };
		A23B44C622657FF40013E9EB /* gameOver@2x.png */ = {isa = PBXFileReference; lastKnownFileType = image.png; path = "gameOver@2x.png"; sourceTree = "<group>"; };
		A23B44C722657FF40013E9EB /* whackHole.png */ = {isa = PBXFileReference; lastKnownFileType = image.png; path = whackHole.png; sourceTree = "<group>"; };
		A23B44C822657FF40013E9EB /* penguinEvil@2x.png */ = {isa = PBXFileReference; lastKnownFileType = image.png; path = "penguinEvil@2x.png"; sourceTree = "<group>"; };
		A23B44C922657FF40013E9EB /* whackHole@2x.png */ = {isa = PBXFileReference; lastKnownFileType = image.png; path = "whackHole@2x.png"; sourceTree = "<group>"; };
		A23B44CA22657FF40013E9EB /* penguinEvil.png */ = {isa = PBXFileReference; lastKnownFileType = image.png; path = penguinEvil.png; sourceTree = "<group>"; };
		A23B44CB22657FF40013E9EB /* penguinGood@2x.png */ = {isa = PBXFileReference; lastKnownFileType = image.png; path = "penguinGood@2x.png"; sourceTree = "<group>"; };
		A23B44CC22657FF40013E9EB /* gameOver.png */ = {isa = PBXFileReference; lastKnownFileType = image.png; path = gameOver.png; sourceTree = "<group>"; };
		A23B44CD22657FF40013E9EB /* whackMask@2x.png */ = {isa = PBXFileReference; lastKnownFileType = image.png; path = "whackMask@2x.png"; sourceTree = "<group>"; };
		A23B44CE22657FF40013E9EB /* whackBackground@2x.png */ = {isa = PBXFileReference; lastKnownFileType = image.png; path = "whackBackground@2x.png"; sourceTree = "<group>"; };
		A23B44DD2265852C0013E9EB /* WhackSlot.swift */ = {isa = PBXFileReference; lastKnownFileType = sourcecode.swift; path = WhackSlot.swift; sourceTree = "<group>"; };
/* End PBXFileReference section */

/* Begin PBXFrameworksBuildPhase section */
		A23B44A222657E360013E9EB /* Frameworks */ = {
			isa = PBXFrameworksBuildPhase;
			buildActionMask = 2147483647;
			files = (
			);
			runOnlyForDeploymentPostprocessing = 0;
		};
/* End PBXFrameworksBuildPhase section */

/* Begin PBXGroup section */
		A23B449C22657E360013E9EB = {
			isa = PBXGroup;
			children = (
				A23B44A722657E360013E9EB /* WhackAPenguin */,
				A23B44A622657E360013E9EB /* Products */,
			);
			sourceTree = "<group>";
		};
		A23B44A622657E360013E9EB /* Products */ = {
			isa = PBXGroup;
			children = (
				A23B44A522657E360013E9EB /* WhackAPenguin.app */,
			);
			name = Products;
			sourceTree = "<group>";
		};
		A23B44A722657E360013E9EB /* WhackAPenguin */ = {
			isa = PBXGroup;
			children = (
				A23B44A822657E360013E9EB /* AppDelegate.swift */,
				A23B44AA22657E360013E9EB /* GameScene.sks */,
				A23B44AE22657E360013E9EB /* GameScene.swift */,
				A23B44DD2265852C0013E9EB /* WhackSlot.swift */,
				A23B44B022657E360013E9EB /* GameViewController.swift */,
				A23B44B222657E360013E9EB /* Main.storyboard */,
				A23B44B522657E370013E9EB /* Assets.xcassets */,
				A23B44B722657E370013E9EB /* LaunchScreen.storyboard */,
				A23B44BA22657E370013E9EB /* Info.plist */,
				A23B44C022657FF40013E9EB /* Content */,
			);
			path = WhackAPenguin;
			sourceTree = "<group>";
		};
		A23B44C022657FF40013E9EB /* Content */ = {
			isa = PBXGroup;
			children = (
				A23B44C122657FF40013E9EB /* whackBad.caf */,
				A23B44C222657FF40013E9EB /* penguinGood.png */,
				A23B44C322657FF40013E9EB /* whackMask.png */,
				A23B44C422657FF40013E9EB /* whackBackground.png */,
				A23B44C522657FF40013E9EB /* whack.caf */,
				A23B44C622657FF40013E9EB /* gameOver@2x.png */,
				A23B44C722657FF40013E9EB /* whackHole.png */,
				A23B44C822657FF40013E9EB /* penguinEvil@2x.png */,
				A23B44C922657FF40013E9EB /* whackHole@2x.png */,
				A23B44CA22657FF40013E9EB /* penguinEvil.png */,
				A23B44CB22657FF40013E9EB /* penguinGood@2x.png */,
				A23B44CC22657FF40013E9EB /* gameOver.png */,
				A23B44CD22657FF40013E9EB /* whackMask@2x.png */,
				A23B44CE22657FF40013E9EB /* whackBackground@2x.png */,
			);
			path = Content;
			sourceTree = "<group>";
		};
/* End PBXGroup section */

/* Begin PBXNativeTarget section */
		A23B44A422657E360013E9EB /* WhackAPenguin */ = {
			isa = PBXNativeTarget;
			buildConfigurationList = A23B44BD22657E370013E9EB /* Build configuration list for PBXNativeTarget "WhackAPenguin" */;
			buildPhases = (
				A23B44A122657E360013E9EB /* Sources */,
				A23B44A222657E360013E9EB /* Frameworks */,
				A23B44A322657E360013E9EB /* Resources */,
			);
			buildRules = (
			);
			dependencies = (
			);
			name = WhackAPenguin;
			productName = WhackAPenguin;
			productReference = A23B44A522657E360013E9EB /* WhackAPenguin.app */;
			productType = "com.apple.product-type.application";
		};
/* End PBXNativeTarget section */

/* Begin PBXProject section */
		A23B449D22657E360013E9EB /* Project object */ = {
			isa = PBXProject;
			attributes = {
				LastSwiftUpdateCheck = 1010;
				LastUpgradeCheck = 1010;
				ORGANIZATIONNAME = LK;
				TargetAttributes = {
					A23B44A422657E360013E9EB = {
						CreatedOnToolsVersion = 10.1;
					};
				};
			};
			buildConfigurationList = A23B44A022657E360013E9EB /* Build configuration list for PBXProject "WhackAPenguin" */;
			compatibilityVersion = "Xcode 9.3";
			developmentRegion = en;
			hasScannedForEncodings = 0;
			knownRegions = (
				en,
				Base,
			);
			mainGroup = A23B449C22657E360013E9EB;
			productRefGroup = A23B44A622657E360013E9EB /* Products */;
			projectDirPath = "";
			projectRoot = "";
			targets = (
				A23B44A422657E360013E9EB /* WhackAPenguin */,
			);
		};
/* End PBXProject section */

/* Begin PBXResourcesBuildPhase section */
		A23B44A322657E360013E9EB /* Resources */ = {
			isa = PBXResourcesBuildPhase;
			buildActionMask = 2147483647;
			files = (
				A23B44CF22657FF40013E9EB /* whackBad.caf in Resources */,
				A23B44B422657E360013E9EB /* Main.storyboard in Resources */,
				A23B44D722657FF40013E9EB /* whackHole@2x.png in Resources */,
				A23B44D922657FF40013E9EB /* penguinGood@2x.png in Resources */,
				A23B44D322657FF40013E9EB /* whack.caf in Resources */,
				A23B44DA22657FF40013E9EB /* gameOver.png in Resources */,
				A23B44AB22657E360013E9EB /* GameScene.sks in Resources */,
				A23B44D422657FF40013E9EB /* gameOver@2x.png in Resources */,
				A23B44B622657E370013E9EB /* Assets.xcassets in Resources */,
				A23B44D222657FF40013E9EB /* whackBackground.png in Resources */,
				A23B44D522657FF40013E9EB /* whackHole.png in Resources */,
				A23B44DC22657FF40013E9EB /* whackBackground@2x.png in Resources */,
				A23B44D122657FF40013E9EB /* whackMask.png in Resources */,
				A23B44D622657FF40013E9EB /* penguinEvil@2x.png in Resources */,
				A23B44B922657E370013E9EB /* LaunchScreen.storyboard in Resources */,
				A23B44D822657FF40013E9EB /* penguinEvil.png in Resources */,
				A23B44D022657FF40013E9EB /* penguinGood.png in Resources */,
				A23B44DB22657FF40013E9EB /* whackMask@2x.png in Resources */,
			);
			runOnlyForDeploymentPostprocessing = 0;
		};
/* End PBXResourcesBuildPhase section */

/* Begin PBXSourcesBuildPhase section */
		A23B44A122657E360013E9EB /* Sources */ = {
			isa = PBXSourcesBuildPhase;
			buildActionMask = 2147483647;
			files = (
				A23B44AF22657E360013E9EB /* GameScene.swift in Sources */,
				A23B44B122657E360013E9EB /* GameViewController.swift in Sources */,
				A23B44DE2265852C0013E9EB /* WhackSlot.swift in Sources */,
				A23B44A922657E360013E9EB /* AppDelegate.swift in Sources */,
			);
			runOnlyForDeploymentPostprocessing = 0;
		};
/* End PBXSourcesBuildPhase section */

/* Begin PBXVariantGroup section */
		A23B44B222657E360013E9EB /* Main.storyboard */ = {
			isa = PBXVariantGroup;
			children = (
				A23B44B322657E360013E9EB /* Base */,
			);
			name = Main.storyboard;
			sourceTree = "<group>";
		};
		A23B44B722657E370013E9EB /* LaunchScreen.storyboard */ = {
			isa = PBXVariantGroup;
			children = (
				A23B44B822657E370013E9EB /* Base */,
			);
			name = LaunchScreen.storyboard;
			sourceTree = "<group>";
		};
/* End PBXVariantGroup section */

/* Begin XCBuildConfiguration section */
		A23B44BB22657E370013E9EB /* Debug */ = {
			isa = XCBuildConfiguration;
			buildSettings = {
				ALWAYS_SEARCH_USER_PATHS = NO;
				CLANG_ANALYZER_NONNULL = YES;
				CLANG_ANALYZER_NUMBER_OBJECT_CONVERSION = YES_AGGRESSIVE;
				CLANG_CXX_LANGUAGE_STANDARD = "gnu++14";
				CLANG_CXX_LIBRARY = "libc++";
				CLANG_ENABLE_MODULES = YES;
				CLANG_ENABLE_OBJC_ARC = YES;
				CLANG_ENABLE_OBJC_WEAK = YES;
				CLANG_WARN_BLOCK_CAPTURE_AUTORELEASING = YES;
				CLANG_WARN_BOOL_CONVERSION = YES;
				CLANG_WARN_COMMA = YES;
				CLANG_WARN_CONSTANT_CONVERSION = YES;
				CLANG_WARN_DEPRECATED_OBJC_IMPLEMENTATIONS = YES;
				CLANG_WARN_DIRECT_OBJC_ISA_USAGE = YES_ERROR;
				CLANG_WARN_DOCUMENTATION_COMMENTS = YES;
				CLANG_WARN_EMPTY_BODY = YES;
				CLANG_WARN_ENUM_CONVERSION = YES;
				CLANG_WARN_INFINITE_RECURSION = YES;
				CLANG_WARN_INT_CONVERSION = YES;
				CLANG_WARN_NON_LITERAL_NULL_CONVERSION = YES;
				CLANG_WARN_OBJC_IMPLICIT_RETAIN_SELF = YES;
				CLANG_WARN_OBJC_LITERAL_CONVERSION = YES;
				CLANG_WARN_OBJC_ROOT_CLASS = YES_ERROR;
				CLANG_WARN_RANGE_LOOP_ANALYSIS = YES;
				CLANG_WARN_STRICT_PROTOTYPES = YES;
				CLANG_WARN_SUSPICIOUS_MOVE = YES;
				CLANG_WARN_UNGUARDED_AVAILABILITY = YES_AGGRESSIVE;
				CLANG_WARN_UNREACHABLE_CODE = YES;
				CLANG_WARN__DUPLICATE_METHOD_MATCH = YES;
				CODE_SIGN_IDENTITY = "iPhone Developer";
				COPY_PHASE_STRIP = NO;
				DEBUG_INFORMATION_FORMAT = dwarf;
				ENABLE_STRICT_OBJC_MSGSEND = YES;
				ENABLE_TESTABILITY = YES;
				GCC_C_LANGUAGE_STANDARD = gnu11;
				GCC_DYNAMIC_NO_PIC = NO;
				GCC_NO_COMMON_BLOCKS = YES;
				GCC_OPTIMIZATION_LEVEL = 0;
				GCC_PREPROCESSOR_DEFINITIONS = (
					"DEBUG=1",
					"$(inherited)",
				);
				GCC_WARN_64_TO_32_BIT_CONVERSION = YES;
				GCC_WARN_ABOUT_RETURN_TYPE = YES_ERROR;
				GCC_WARN_UNDECLARED_SELECTOR = YES;
				GCC_WARN_UNINITIALIZED_AUTOS = YES_AGGRESSIVE;
				GCC_WARN_UNUSED_FUNCTION = YES;
				GCC_WARN_UNUSED_VARIABLE = YES;
				IPHONEOS_DEPLOYMENT_TARGET = 12.1;
				MTL_ENABLE_DEBUG_INFO = INCLUDE_SOURCE;
				MTL_FAST_MATH = YES;
				ONLY_ACTIVE_ARCH = YES;
				SDKROOT = iphoneos;
				SWIFT_ACTIVE_COMPILATION_CONDITIONS = DEBUG;
				SWIFT_OPTIMIZATION_LEVEL = "-Onone";
			};
			name = Debug;
		};
		A23B44BC22657E370013E9EB /* Release */ = {
			isa = XCBuildConfiguration;
			buildSettings = {
				ALWAYS_SEARCH_USER_PATHS = NO;
				CLANG_ANALYZER_NONNULL = YES;
				CLANG_ANALYZER_NUMBER_OBJECT_CONVERSION = YES_AGGRESSIVE;
				CLANG_CXX_LANGUAGE_STANDARD = "gnu++14";
				CLANG_CXX_LIBRARY = "libc++";
				CLANG_ENABLE_MODULES = YES;
				CLANG_ENABLE_OBJC_ARC = YES;
				CLANG_ENABLE_OBJC_WEAK = YES;
				CLANG_WARN_BLOCK_CAPTURE_AUTORELEASING = YES;
				CLANG_WARN_BOOL_CONVERSION = YES;
				CLANG_WARN_COMMA = YES;
				CLANG_WARN_CONSTANT_CONVERSION = YES;
				CLANG_WARN_DEPRECATED_OBJC_IMPLEMENTATIONS = YES;
				CLANG_WARN_DIRECT_OBJC_ISA_USAGE = YES_ERROR;
				CLANG_WARN_DOCUMENTATION_COMMENTS = YES;
				CLANG_WARN_EMPTY_BODY = YES;
				CLANG_WARN_ENUM_CONVERSION = YES;
				CLANG_WARN_INFINITE_RECURSION = YES;
				CLANG_WARN_INT_CONVERSION = YES;
				CLANG_WARN_NON_LITERAL_NULL_CONVERSION = YES;
				CLANG_WARN_OBJC_IMPLICIT_RETAIN_SELF = YES;
				CLANG_WARN_OBJC_LITERAL_CONVERSION = YES;
				CLANG_WARN_OBJC_ROOT_CLASS = YES_ERROR;
				CLANG_WARN_RANGE_LOOP_ANALYSIS = YES;
				CLANG_WARN_STRICT_PROTOTYPES = YES;
				CLANG_WARN_SUSPICIOUS_MOVE = YES;
				CLANG_WARN_UNGUARDED_AVAILABILITY = YES_AGGRESSIVE;
				CLANG_WARN_UNREACHABLE_CODE = YES;
				CLANG_WARN__DUPLICATE_METHOD_MATCH = YES;
				CODE_SIGN_IDENTITY = "iPhone Developer";
				COPY_PHASE_STRIP = NO;
				DEBUG_INFORMATION_FORMAT = "dwarf-with-dsym";
				ENABLE_NS_ASSERTIONS = NO;
				ENABLE_STRICT_OBJC_MSGSEND = YES;
				GCC_C_LANGUAGE_STANDARD = gnu11;
				GCC_NO_COMMON_BLOCKS = YES;
				GCC_WARN_64_TO_32_BIT_CONVERSION = YES;
				GCC_WARN_ABOUT_RETURN_TYPE = YES_ERROR;
				GCC_WARN_UNDECLARED_SELECTOR = YES;
				GCC_WARN_UNINITIALIZED_AUTOS = YES_AGGRESSIVE;
				GCC_WARN_UNUSED_FUNCTION = YES;
				GCC_WARN_UNUSED_VARIABLE = YES;
				IPHONEOS_DEPLOYMENT_TARGET = 12.1;
				MTL_ENABLE_DEBUG_INFO = NO;
				MTL_FAST_MATH = YES;
				SDKROOT = iphoneos;
				SWIFT_COMPILATION_MODE = wholemodule;
				SWIFT_OPTIMIZATION_LEVEL = "-O";
				VALIDATE_PRODUCT = YES;
			};
			name = Release;
		};
		A23B44BE22657E370013E9EB /* Debug */ = {
			isa = XCBuildConfiguration;
			buildSettings = {
				ASSETCATALOG_COMPILER_APPICON_NAME = AppIcon;
				CODE_SIGN_STYLE = Automatic;
				INFOPLIST_FILE = WhackAPenguin/Info.plist;
				LD_RUNPATH_SEARCH_PATHS = (
					"$(inherited)",
					"@executable_path/Frameworks",
				);
				PRODUCT_BUNDLE_IDENTIFIER = "-223LK.WhackAPenguin";
				PRODUCT_NAME = "$(TARGET_NAME)";
				SWIFT_VERSION = 4.2;
				TARGETED_DEVICE_FAMILY = 2;
			};
			name = Debug;
		};
		A23B44BF22657E370013E9EB /* Release */ = {
			isa = XCBuildConfiguration;
			buildSettings = {
				ASSETCATALOG_COMPILER_APPICON_NAME = AppIcon;
				CODE_SIGN_STYLE = Automatic;
				INFOPLIST_FILE = WhackAPenguin/Info.plist;
				LD_RUNPATH_SEARCH_PATHS = (
					"$(inherited)",
					"@executable_path/Frameworks",
				);
				PRODUCT_BUNDLE_IDENTIFIER = "-223LK.WhackAPenguin";
				PRODUCT_NAME = "$(TARGET_NAME)";
				SWIFT_VERSION = 4.2;
				TARGETED_DEVICE_FAMILY = 2;
			};
			name = Release;
		};
/* End XCBuildConfiguration section */

/* Begin XCConfigurationList section */
		A23B44A022657E360013E9EB /* Build configuration list for PBXProject "WhackAPenguin" */ = {
			isa = XCConfigurationList;
			buildConfigurations = (
				A23B44BB22657E370013E9EB /* Debug */,
				A23B44BC22657E370013E9EB /* Release */,
			);
			defaultConfigurationIsVisible = 0;
			defaultConfigurationName = Release;
		};
		A23B44BD22657E370013E9EB /* Build configuration list for PBXNativeTarget "WhackAPenguin" */ = {
			isa = XCConfigurationList;
			buildConfigurations = (
				A23B44BE22657E370013E9EB /* Debug */,
				A23B44BF22657E370013E9EB /* Release */,
			);
			defaultConfigurationIsVisible = 0;
			defaultConfigurationName = Release;
		};
/* End XCConfigurationList section */
	};
	rootObject = A23B449D22657E360013E9EB /* Project object */;
}
